PODS:
  - AFNetworking (3.0.4):
    - AFNetworking/NSURLSession (= 3.0.4)
    - AFNetworking/Reachability (= 3.0.4)
    - AFNetworking/Security (= 3.0.4)
    - AFNetworking/Serialization (= 3.0.4)
    - AFNetworking/UIKit (= 3.0.4)
  - AFNetworking/NSURLSession (3.0.4):
    - AFNetworking/Reachability
    - AFNetworking/Security
    - AFNetworking/Serialization
  - AFNetworking/Reachability (3.0.4)
  - AFNetworking/Security (3.0.4)
  - AFNetworking/Serialization (3.0.4)
  - AFNetworking/UIKit (3.0.4):
    - AFNetworking/NSURLSession
  - CocoaAsyncSocket (7.4.2)
  - Crashlytics (3.7.1):
    - Fabric (~> 1.6.3)
  - dyci (0.1.5.6):
    - dyci/Injections (= 0.1.5.6)
  - dyci/Injections (0.1.5.6)
  - Fabric (1.6.7)
  - FMDB (2.5):
    - FMDB/standard (= 2.5)
  - FMDB/common (2.5)
  - FMDB/standard (2.5):
    - FMDB/common
  - GCDObjC (0.2.0)
  - GCDWebServer (3.3):
    - GCDWebServer/Core (= 3.3)
  - GCDWebServer/Core (3.3)
  - GCDWebServer/WebUploader (3.3):
    - GCDWebServer/Core
  - libWeChatSDK (1.6.2)
  - SVWebViewController (1.0)
  - TencentOpenApiSDK (2.9.5):
    - TencentOpenApiSDK/Basic (= 2.9.5)
  - TencentOpenApiSDK/Basic (2.9.5)

DEPENDENCIES:
  - AFNetworking (~> 3.0)
  - CocoaAsyncSocket
  - Crashlytics
  - dyci (from `https://github.com/DyCI/dyci-main.git`)
  - Fabric
  - FMDB
  - GCDObjC
  - GCDWebServer (~> 3.3)
  - GCDWebServer/WebUploader (~> 3.0)
  - libWeChatSDK (~> 1.6)
  - SVWebViewController
  - TencentOpenApiSDK (~> 2.9.5)

EXTERNAL SOURCES:
  dyci:
    :git: https://github.com/DyCI/dyci-main.git

CHECKOUT OPTIONS:
  dyci:
    :commit: fa8a47d7913e977c9150962ca0260cc629d0b4bc
    :git: https://github.com/DyCI/dyci-main.git

SPEC CHECKSUMS:
  AFNetworking: a0075feb321559dc78d9d85b55d11caa19eabb93
  CocoaAsyncSocket: f5783bdedd232d91b89769bc4b5a1580aed518ad
  Crashlytics: 3cdd4c9655be68032a0cf0379e0fb5ef6af22cad
  dyci: 099c2e6dc98abb8f21b370cabbf1443ff700608a
  Fabric: caf7580c725e64db144f610ac65cd60956911dc7
  FMDB: 96e8f1bcc1329e269330f99770ad4285d9003e52
  GCDObjC: adcd9941029e3628de539347d3a6777470a65998
  GCDWebServer: 106463756391d814b6f506927bee0d6a75a0b427
  libWeChatSDK: fb6496d5fcf98d05fb70674d7da71f9e8c2ec3a3
  SVWebViewController: c36dda7326e81fcae0abf5d02bf7bbf7e41be901
  TencentOpenApiSDK: a0d7716edd6eb438d65828168e8e5137301b436d

PODFILE CHECKSUM: 89c33e767ddf801aa59a98f33cc10575c342de4a

COCOAPODS: 1.0.1
