// !$*UTF8*$!
{
	archiveVersion = 1;
	classes = {
	};
	objectVersion = 46;
	objects = {

/* Begin PBXBuildFile section */
		453C462A1C434330003A7267 /* STVideoSelectionCell.m in Sources */ = {isa = PBXBuildFile; fileRef = 453C46291C434330003A7267 /* STVideoSelectionCell.m */; };
		4558BFC41C74538B002F5718 /* HTKeychainUtil.m in Sources */ = {isa = PBXBuildFile; fileRef = 4558BFC31C74538B002F5718 /* HTKeychainUtil.m */; };
		4558BFC81C7453F1002F5718 /* HTSFHFKeychainUtils.m in Sources */ = {isa = PBXBuildFile; fileRef = 4558BFC71C7453F1002F5718 /* HTSFHFKeychainUtils.m */; };
		4558BFCC1C745903002F5718 /* OpenUDID.m in Sources */ = {isa = PBXBuildFile; fileRef = 4558BFCB1C745903002F5718 /* OpenUDID.m */; settings = {COMPILER_FLAGS = "-fno-objc-arc"; }; };
		4558BFCF1C746862002F5718 /* STDeviceInfo.m in Sources */ = {isa = PBXBuildFile; fileRef = 4558BFCE1C746862002F5718 /* STDeviceInfo.m */; };
		4558BFD41C747483002F5718 /* STWebServerConnection.m in Sources */ = {isa = PBXBuildFile; fileRef = 4558BFD11C747483002F5718 /* STWebServerConnection.m */; };
		4558BFD51C747483002F5718 /* STWebServerModel.m in Sources */ = {isa = PBXBuildFile; fileRef = 4558BFD31C747483002F5718 /* STWebServerModel.m */; };
		4569CB391C41264C00A97D2A /* ZZReachability.m in Sources */ = {isa = PBXBuildFile; fileRef = 4569CB381C41264C00A97D2A /* ZZReachability.m */; };
		458C7B5E1C97A3AD00CA8017 /* Website in Resources */ = {isa = PBXBuildFile; fileRef = 458C7B5D1C97A3AD00CA8017 /* Website */; };
		5193011BCFD3897B337DD5C0 /* libPods-SpeedyTransfer.a in Frameworks */ = {isa = PBXBuildFile; fileRef = 4D9ACA0ACB5C116D6970B319 /* libPods-SpeedyTransfer.a */; };
		CE0322731E9342050060C25C /* MJPhoto.m in Sources */ = {isa = PBXBuildFile; fileRef = CE0322671E9342050060C25C /* MJPhoto.m */; };
		CE0322751E9342050060C25C /* MJPhotoBrowser.m in Sources */ = {isa = PBXBuildFile; fileRef = CE03226A1E9342050060C25C /* MJPhotoBrowser.m */; };
		CE0322761E9342050060C25C /* MJPhotoLoadingView.m in Sources */ = {isa = PBXBuildFile; fileRef = CE03226C1E9342050060C25C /* MJPhotoLoadingView.m */; };
		CE0322771E9342050060C25C /* MJPhotoProgressView.m in Sources */ = {isa = PBXBuildFile; fileRef = CE03226E1E9342050060C25C /* MJPhotoProgressView.m */; };
		CE0322781E9342050060C25C /* MJPhotoToolbar.m in Sources */ = {isa = PBXBuildFile; fileRef = CE0322701E9342050060C25C /* MJPhotoToolbar.m */; };
		CE0322791E9342050060C25C /* MJPhotoView.m in Sources */ = {isa = PBXBuildFile; fileRef = CE0322721E9342050060C25C /* MJPhotoView.m */; };
		CE03227C1E93B7C70060C25C /* STFilesModel.m in Sources */ = {isa = PBXBuildFile; fileRef = CE03227B1E93B7C70060C25C /* STFilesModel.m */; };
		CE03227F1E93BB3C0060C25C /* STFileCell.m in Sources */ = {isa = PBXBuildFile; fileRef = CE03227E1E93BB3C0060C25C /* STFileCell.m */; };
		CE0322821E93BE890060C25C /* STFileInfo.m in Sources */ = {isa = PBXBuildFile; fileRef = CE0322811E93BE890060C25C /* STFileInfo.m */; };
		CE1A6E2B1CE82128006795E7 /* libWeiboSDK.a in Frameworks */ = {isa = PBXBuildFile; fileRef = CE1A6E281CE82128006795E7 /* libWeiboSDK.a */; };
		CE1A6E2C1CE82128006795E7 /* WeiboSDK.bundle in Resources */ = {isa = PBXBuildFile; fileRef = CE1A6E291CE82128006795E7 /* WeiboSDK.bundle */; };
		CE1D323A1E7E5CCA00079C6A /* STConnectWifiAlertView.m in Sources */ = {isa = PBXBuildFile; fileRef = CE1D32391E7E5CCA00079C6A /* STConnectWifiAlertView.m */; };
		CE285AEA1E583849002FC6A1 /* STFilesViewController.m in Sources */ = {isa = PBXBuildFile; fileRef = CE285AE91E583849002FC6A1 /* STFilesViewController.m */; };
		CE285AF71E585E58002FC6A1 /* HTContactsHeaderView.m in Sources */ = {isa = PBXBuildFile; fileRef = CE285AF51E585E58002FC6A1 /* HTContactsHeaderView.m */; };
		CE285AFA1E585E72002FC6A1 /* STMusicSelectionCell.m in Sources */ = {isa = PBXBuildFile; fileRef = CE285AF91E585E72002FC6A1 /* STMusicSelectionCell.m */; };
		CE2AD7AB1C4A340D00C67D1D /* HTJSONAdapter.m in Sources */ = {isa = PBXBuildFile; fileRef = CE2AD7AA1C4A340D00C67D1D /* HTJSONAdapter.m */; };
		CE2AD7AD1C4A985F00C67D1D /* test.png in Resources */ = {isa = PBXBuildFile; fileRef = CE2AD7AC1C4A985F00C67D1D /* test.png */; };
		CE2AD7AF1C4AA15D00C67D1D /* IMG_7551.JPG in Resources */ = {isa = PBXBuildFile; fileRef = CE2AD7AE1C4AA15D00C67D1D /* IMG_7551.JPG */; };
		CE3AC9B81E581750004638E3 /* STFileSelectionViewController.m in Sources */ = {isa = PBXBuildFile; fileRef = CE3AC9B71E581750004638E3 /* STFileSelectionViewController.m */; };
		CE6536AC1C2E8D1B00C1E8A3 /* STWifiNotConnectedPopupView2.m in Sources */ = {isa = PBXBuildFile; fileRef = CE6536AB1C2E8D1B00C1E8A3 /* STWifiNotConnectedPopupView2.m */; };
		CE6536C81C2ECD3400C1E8A3 /* STFileTransferCell.m in Sources */ = {isa = PBXBuildFile; fileRef = CE6536C01C2ECD3400C1E8A3 /* STFileTransferCell.m */; };
		CE6536C91C2ECD3400C1E8A3 /* STFileTransferViewController.m in Sources */ = {isa = PBXBuildFile; fileRef = CE6536C21C2ECD3400C1E8A3 /* STFileTransferViewController.m */; };
		CE6536CA1C2ECD3400C1E8A3 /* STTransferInstructionViewController.m in Sources */ = {isa = PBXBuildFile; fileRef = CE6536C41C2ECD3400C1E8A3 /* STTransferInstructionViewController.m */; };
		CE6536CB1C2ECD3400C1E8A3 /* STWifiNotConnectedPopupView.m in Sources */ = {isa = PBXBuildFile; fileRef = CE6536C61C2ECD3400C1E8A3 /* STWifiNotConnectedPopupView.m */; };
		CE6536D51C2ECEC300C1E8A3 /* STContactInfo.m in Sources */ = {isa = PBXBuildFile; fileRef = CE6536CE1C2ECEC200C1E8A3 /* STContactInfo.m */; };
		CE6536D61C2ECEC300C1E8A3 /* STFileTransferInfo.m in Sources */ = {isa = PBXBuildFile; fileRef = CE6536D01C2ECEC200C1E8A3 /* STFileTransferInfo.m */; };
		CE6536D71C2ECEC300C1E8A3 /* STMusicInfo.m in Sources */ = {isa = PBXBuildFile; fileRef = CE6536D21C2ECEC200C1E8A3 /* STMusicInfo.m */; };
		CE6536D81C2ECEC300C1E8A3 /* STPictureCollectionHeaderInfo.m in Sources */ = {isa = PBXBuildFile; fileRef = CE6536D41C2ECEC300C1E8A3 /* STPictureCollectionHeaderInfo.m */; };
		CE6536DC1C2ED0AF00C1E8A3 /* STFileTransferModel.m in Sources */ = {isa = PBXBuildFile; fileRef = CE6536DB1C2ED0AF00C1E8A3 /* STFileTransferModel.m */; };
		CE6536DF1C2ED74600C1E8A3 /* ZZPath.m in Sources */ = {isa = PBXBuildFile; fileRef = CE6536DE1C2ED74600C1E8A3 /* ZZPath.m */; };
		CE6536E61C2F07A600C1E8A3 /* defaultSql.sql in Resources */ = {isa = PBXBuildFile; fileRef = CE6536E51C2F07A600C1E8A3 /* defaultSql.sql */; };
		CE6536E91C2F096600C1E8A3 /* HTFMDatabase.m in Sources */ = {isa = PBXBuildFile; fileRef = CE6536E81C2F096600C1E8A3 /* HTFMDatabase.m */; };
		CE6536EC1C2F099A00C1E8A3 /* HTSQLBuffer.m in Sources */ = {isa = PBXBuildFile; fileRef = CE6536EB1C2F099A00C1E8A3 /* HTSQLBuffer.m */; };
		CE6536F01C2FBB2300C1E8A3 /* NSDate+ZZ.m in Sources */ = {isa = PBXBuildFile; fileRef = CE6536EF1C2FBB2300C1E8A3 /* NSDate+ZZ.m */; };
		CE6536F31C2FD53600C1E8A3 /* STFileReceiveModel.m in Sources */ = {isa = PBXBuildFile; fileRef = CE6536F21C2FD53600C1E8A3 /* STFileReceiveModel.m */; };
		CE6536FC1C31955000C1E8A3 /* ZZNavigationController.m in Sources */ = {isa = PBXBuildFile; fileRef = CE6536FB1C31955000C1E8A3 /* ZZNavigationController.m */; };
		CE69FD161CE81A4F001A725F /* UIAlertController+HT.m in Sources */ = {isa = PBXBuildFile; fileRef = CE69FD151CE81A4F001A725F /* UIAlertController+HT.m */; };
		CE69FD191CE81C96001A725F /* HTEmailViewController.m in Sources */ = {isa = PBXBuildFile; fileRef = CE69FD181CE81C96001A725F /* HTEmailViewController.m */; };
		CE86491D1C2592BE0072518B /* AddressBook.framework in Frameworks */ = {isa = PBXBuildFile; fileRef = CE86491C1C2592BE0072518B /* AddressBook.framework */; };
		CE8975631C26AE5B002E11F8 /* MBProgressHUD.m in Sources */ = {isa = PBXBuildFile; fileRef = CE8975621C26AE5B002E11F8 /* MBProgressHUD.m */; };
		CE8975671C284D89002E11F8 /* AddressBookUI.framework in Frameworks */ = {isa = PBXBuildFile; fileRef = CE8975661C284D89002E11F8 /* AddressBookUI.framework */; };
		CE9C919D1C38FBE10075CB06 /* STInviteFriendViewController.m in Sources */ = {isa = PBXBuildFile; fileRef = CE9C919C1C38FBE10075CB06 /* STInviteFriendViewController.m */; };
		CE9C91A01C390AD60075CB06 /* STFindViewController.m in Sources */ = {isa = PBXBuildFile; fileRef = CE9C919F1C390AD60075CB06 /* STFindViewController.m */; };
		CE9C91A31C390DAB0075CB06 /* STFeedBackViewController.m in Sources */ = {isa = PBXBuildFile; fileRef = CE9C91A21C390DAB0075CB06 /* STFeedBackViewController.m */; };
		CE9C91A61C390EAA0075CB06 /* STFeedBackInputView.m in Sources */ = {isa = PBXBuildFile; fileRef = CE9C91A51C390EAA0075CB06 /* STFeedBackInputView.m */; };
		CE9C91A91C39414D0075CB06 /* STFeedbackInfo.m in Sources */ = {isa = PBXBuildFile; fileRef = CE9C91A81C39414D0075CB06 /* STFeedbackInfo.m */; };
		CE9C91AC1C3951D20075CB06 /* STFeedbackModel.m in Sources */ = {isa = PBXBuildFile; fileRef = CE9C91AB1C3951D20075CB06 /* STFeedbackModel.m */; };
		CE9C91AF1C39537C0075CB06 /* STFeedbackCell.m in Sources */ = {isa = PBXBuildFile; fileRef = CE9C91AE1C39537C0075CB06 /* STFeedbackCell.m */; };
		CE9C91B21C39697D0075CB06 /* STPersonalSettingViewController.m in Sources */ = {isa = PBXBuildFile; fileRef = CE9C91B11C39697D0075CB06 /* STPersonalSettingViewController.m */; };
		CE9C91B51C3970D60075CB06 /* STPersonalSettingCell.m in Sources */ = {isa = PBXBuildFile; fileRef = CE9C91B41C3970D60075CB06 /* STPersonalSettingCell.m */; };
		CE9C91B81C397C210075CB06 /* UIImage+ZZ.m in Sources */ = {isa = PBXBuildFile; fileRef = CE9C91B71C397C210075CB06 /* UIImage+ZZ.m */; };
		CEA12C491C29ABCB00328CEF /* Reachability.m in Sources */ = {isa = PBXBuildFile; fileRef = CEA12C481C29ABCB00328CEF /* Reachability.m */; };
		CEA4965C1E62DB4C00B97BD5 /* STMultiPeerTransferModel.m in Sources */ = {isa = PBXBuildFile; fileRef = CEA4965B1E62DB4C00B97BD5 /* STMultiPeerTransferModel.m */; };
		CEA74C2C1C78656400E1B34C /* STDeviceButton.m in Sources */ = {isa = PBXBuildFile; fileRef = CEA74C2B1C78656400E1B34C /* STDeviceButton.m */; };
		CEA74C2F1C79D65F00E1B34C /* STSendHeaderView.m in Sources */ = {isa = PBXBuildFile; fileRef = CEA74C2E1C79D65F00E1B34C /* STSendHeaderView.m */; };
		CEA74C321C79D68100E1B34C /* STReceiveHeaderView.m in Sources */ = {isa = PBXBuildFile; fileRef = CEA74C311C79D68100E1B34C /* STReceiveHeaderView.m */; };
		CEA74C351C81ADE800E1B34C /* ZZFileUtility.m in Sources */ = {isa = PBXBuildFile; fileRef = CEA74C341C81ADE800E1B34C /* ZZFileUtility.m */; };
		CEB29E601C21A9EB00F17804 /* NSDictionary+HT.m in Sources */ = {isa = PBXBuildFile; fileRef = CEB29E5F1C21A9EB00F17804 /* NSDictionary+HT.m */; };
		CEB29E671C21B7C000F17804 /* HTDrawView.m in Sources */ = {isa = PBXBuildFile; fileRef = CEB29E661C21B7C000F17804 /* HTDrawView.m */; };
		CEB29E731C21B8BE00F17804 /* ALView+PureLayout.m in Sources */ = {isa = PBXBuildFile; fileRef = CEB29E6B1C21B8BE00F17804 /* ALView+PureLayout.m */; };
		CEB29E741C21B8BE00F17804 /* NSArray+PureLayout.m in Sources */ = {isa = PBXBuildFile; fileRef = CEB29E6D1C21B8BE00F17804 /* NSArray+PureLayout.m */; };
		CEB29E751C21B8BE00F17804 /* NSLayoutConstraint+PureLayout.m in Sources */ = {isa = PBXBuildFile; fileRef = CEB29E6F1C21B8BE00F17804 /* NSLayoutConstraint+PureLayout.m */; };
		CEB29E7C1C230BA400F17804 /* UIViewController+ST.m in Sources */ = {isa = PBXBuildFile; fileRef = CEB29E7B1C230BA400F17804 /* UIViewController+ST.m */; };
		CEB29E821C253C4D00F17804 /* STPictureCollectionViewController.m in Sources */ = {isa = PBXBuildFile; fileRef = CEB29E811C253C4D00F17804 /* STPictureCollectionViewController.m */; };
		CEB29E851C253F4800F17804 /* STPictureCollectionReusableView.m in Sources */ = {isa = PBXBuildFile; fileRef = CEB29E841C253F4800F17804 /* STPictureCollectionReusableView.m */; };
		CEB74DFF1E6BC73900E58911 /* STFileTransferBaseModel.m in Sources */ = {isa = PBXBuildFile; fileRef = CEB74DFE1E6BC73900E58911 /* STFileTransferBaseModel.m */; };
		CEB74E021E6BEF0500E58911 /* STPacket.m in Sources */ = {isa = PBXBuildFile; fileRef = CEB74E011E6BEF0500E58911 /* STPacket.m */; };
		CEB7C7B81E502EC600E924D4 /* STWalkThroughView.m in Sources */ = {isa = PBXBuildFile; fileRef = CEB7C7B71E502EC600E924D4 /* STWalkThroughView.m */; };
		CEB7C7BB1E50736000E924D4 /* STLeftPanelView.m in Sources */ = {isa = PBXBuildFile; fileRef = CEB7C7BA1E50736000E924D4 /* STLeftPanelView.m */; };
		CEB7C7BE1E508E3400E924D4 /* STFileSegementControl.m in Sources */ = {isa = PBXBuildFile; fileRef = CEB7C7BD1E508E3400E924D4 /* STFileSegementControl.m */; };
		CEBB14731C33CCD300874142 /* STSettingViewController.m in Sources */ = {isa = PBXBuildFile; fileRef = CEBB14721C33CCD300874142 /* STSettingViewController.m */; };
		CEBB14761C33DB5C00874142 /* STAboutViewController.m in Sources */ = {isa = PBXBuildFile; fileRef = CEBB14751C33DB5C00874142 /* STAboutViewController.m */; };
		CEBF5C501E61999A0072C06B /* STEstablishConnectViewController.m in Sources */ = {isa = PBXBuildFile; fileRef = CEBF5C4F1E61999A0072C06B /* STEstablishConnectViewController.m */; };
		CEBF5C531E61B7050072C06B /* STScanQRCodeViewController.m in Sources */ = {isa = PBXBuildFile; fileRef = CEBF5C521E61B7050072C06B /* STScanQRCodeViewController.m */; };
		CED003121C0B2766005146A4 /* UIButton+ZZ.m in Sources */ = {isa = PBXBuildFile; fileRef = CED003111C0B2766005146A4 /* UIButton+ZZ.m */; };
		CED0D1131C1D53ED00F5C0E3 /* Photos.framework in Frameworks */ = {isa = PBXBuildFile; fileRef = CED0D1121C1D53ED00F5C0E3 /* Photos.framework */; };
		CED0D1201C1D576D00F5C0E3 /* STContactsSelectionViewController.m in Sources */ = {isa = PBXBuildFile; fileRef = CED0D1161C1D576D00F5C0E3 /* STContactsSelectionViewController.m */; };
		CED0D1231C1D576D00F5C0E3 /* STVideoSelectionViewController.m in Sources */ = {isa = PBXBuildFile; fileRef = CED0D11F1C1D576D00F5C0E3 /* STVideoSelectionViewController.m */; };
		CED0D12D1C1D77DF00F5C0E3 /* HZAssetCollectionViewCell.m in Sources */ = {isa = PBXBuildFile; fileRef = CED0D12C1C1D77DF00F5C0E3 /* HZAssetCollectionViewCell.m */; };
		CED0D1331C1D959800F5C0E3 /* UITableViewCell+ST.m in Sources */ = {isa = PBXBuildFile; fileRef = CED0D1321C1D959800F5C0E3 /* UITableViewCell+ST.m */; };
		CED0D13A1C21A58800F5C0E3 /* NSString+Extension.m in Sources */ = {isa = PBXBuildFile; fileRef = CED0D1391C21A58800F5C0E3 /* NSString+Extension.m */; };
		CED0D13D1C21A59200F5C0E3 /* AVURLAsset+Extension.m in Sources */ = {isa = PBXBuildFile; fileRef = CED0D13C1C21A59200F5C0E3 /* AVURLAsset+Extension.m */; };
		CED62A321C094FDD00270EDB /* AppDelegate.m in Sources */ = {isa = PBXBuildFile; fileRef = CED62A311C094FDD00270EDB /* AppDelegate.m */; };
		CED62A351C094FDD00270EDB /* STHomeViewController.m in Sources */ = {isa = PBXBuildFile; fileRef = CED62A341C094FDD00270EDB /* STHomeViewController.m */; };
		CED62A481C09512100270EDB /* main.m in Sources */ = {isa = PBXBuildFile; fileRef = CED62A461C09512100270EDB /* main.m */; };
		CED62A4B1C09514200270EDB /* Assets.xcassets in Resources */ = {isa = PBXBuildFile; fileRef = CED62A4A1C09514200270EDB /* Assets.xcassets */; };
		CED62A531C09719500270EDB /* UIView+ZZ.m in Sources */ = {isa = PBXBuildFile; fileRef = CED62A521C09719500270EDB /* UIView+ZZ.m */; };
		CED62A561C09721F00270EDB /* UIDevice+ZZ.m in Sources */ = {isa = PBXBuildFile; fileRef = CED62A551C09721F00270EDB /* UIDevice+ZZ.m */; };
		CED62A5F1C099C6000270EDB /* UIColor+ZZ.m in Sources */ = {isa = PBXBuildFile; fileRef = CED62A5E1C099C6000270EDB /* UIColor+ZZ.m */; };
		CED926E41E8D577B00FBC133 /* STNoFileAlertView.xib in Resources */ = {isa = PBXBuildFile; fileRef = CED926E31E8D577B00FBC133 /* STNoFileAlertView.xib */; };
		CED926E71E8D5B7C00FBC133 /* STNoFileAlertView.m in Sources */ = {isa = PBXBuildFile; fileRef = CED926E61E8D5B7C00FBC133 /* STNoFileAlertView.m */; };
		CED926EC1E92589800FBC133 /* UIViewController+ZZ.m in Sources */ = {isa = PBXBuildFile; fileRef = CED926EB1E92589800FBC133 /* UIViewController+ZZ.m */; };
		CED926F31E92624600FBC133 /* STFeedbackTimeCell.m in Sources */ = {isa = PBXBuildFile; fileRef = CED926F11E92624600FBC133 /* STFeedbackTimeCell.m */; };
		CED926F41E92624600FBC133 /* STFeedbackTimeCell.xib in Resources */ = {isa = PBXBuildFile; fileRef = CED926F21E92624600FBC133 /* STFeedbackTimeCell.xib */; };
		CEDF05AC1D2ABDB200D48D58 /* ZZFunction.m in Sources */ = {isa = PBXBuildFile; fileRef = CEDF05AB1D2ABDB200D48D58 /* ZZFunction.m */; };
/* End PBXBuildFile section */

/* Begin PBXFileReference section */
		3976928CF3B9296EE398E02F /* Pods-SpeedyTransfer.release.xcconfig */ = {isa = PBXFileReference; includeInIndex = 1; lastKnownFileType = text.xcconfig; name = "Pods-SpeedyTransfer.release.xcconfig"; path = "Pods/Target Support Files/Pods-SpeedyTransfer/Pods-SpeedyTransfer.release.xcconfig"; sourceTree = "<group>"; };
		453C46281C434330003A7267 /* STVideoSelectionCell.h */ = {isa = PBXFileReference; fileEncoding = 4; lastKnownFileType = sourcecode.c.h; path = STVideoSelectionCell.h; sourceTree = "<group>"; };
		453C46291C434330003A7267 /* STVideoSelectionCell.m */ = {isa = PBXFileReference; fileEncoding = 4; lastKnownFileType = sourcecode.c.objc; path = STVideoSelectionCell.m; sourceTree = "<group>"; };
		4558BFC21C74538B002F5718 /* HTKeychainUtil.h */ = {isa = PBXFileReference; fileEncoding = 4; lastKnownFileType = sourcecode.c.h; path = HTKeychainUtil.h; sourceTree = "<group>"; };
		4558BFC31C74538B002F5718 /* HTKeychainUtil.m */ = {isa = PBXFileReference; fileEncoding = 4; lastKnownFileType = sourcecode.c.objc; path = HTKeychainUtil.m; sourceTree = "<group>"; };
		4558BFC61C7453F1002F5718 /* HTSFHFKeychainUtils.h */ = {isa = PBXFileReference; fileEncoding = 4; lastKnownFileType = sourcecode.c.h; path = HTSFHFKeychainUtils.h; sourceTree = "<group>"; };
		4558BFC71C7453F1002F5718 /* HTSFHFKeychainUtils.m */ = {isa = PBXFileReference; fileEncoding = 4; lastKnownFileType = sourcecode.c.objc; path = HTSFHFKeychainUtils.m; sourceTree = "<group>"; };
		4558BFCA1C745903002F5718 /* OpenUDID.h */ = {isa = PBXFileReference; fileEncoding = 4; lastKnownFileType = sourcecode.c.h; path = OpenUDID.h; sourceTree = "<group>"; };
		4558BFCB1C745903002F5718 /* OpenUDID.m */ = {isa = PBXFileReference; fileEncoding = 4; lastKnownFileType = sourcecode.c.objc; path = OpenUDID.m; sourceTree = "<group>"; };
		4558BFCD1C746862002F5718 /* STDeviceInfo.h */ = {isa = PBXFileReference; fileEncoding = 4; lastKnownFileType = sourcecode.c.h; path = STDeviceInfo.h; sourceTree = "<group>"; };
		4558BFCE1C746862002F5718 /* STDeviceInfo.m */ = {isa = PBXFileReference; fileEncoding = 4; lastKnownFileType = sourcecode.c.objc; path = STDeviceInfo.m; sourceTree = "<group>"; };
		4558BFD01C747483002F5718 /* STWebServerConnection.h */ = {isa = PBXFileReference; fileEncoding = 4; lastKnownFileType = sourcecode.c.h; path = STWebServerConnection.h; sourceTree = "<group>"; };
		4558BFD11C747483002F5718 /* STWebServerConnection.m */ = {isa = PBXFileReference; fileEncoding = 4; lastKnownFileType = sourcecode.c.objc; path = STWebServerConnection.m; sourceTree = "<group>"; };
		4558BFD21C747483002F5718 /* STWebServerModel.h */ = {isa = PBXFileReference; fileEncoding = 4; lastKnownFileType = sourcecode.c.h; path = STWebServerModel.h; sourceTree = "<group>"; };
		4558BFD31C747483002F5718 /* STWebServerModel.m */ = {isa = PBXFileReference; fileEncoding = 4; lastKnownFileType = sourcecode.c.objc; path = STWebServerModel.m; sourceTree = "<group>"; };
		4569CB371C41264C00A97D2A /* ZZReachability.h */ = {isa = PBXFileReference; fileEncoding = 4; lastKnownFileType = sourcecode.c.h; path = ZZReachability.h; sourceTree = "<group>"; };
		4569CB381C41264C00A97D2A /* ZZReachability.m */ = {isa = PBXFileReference; fileEncoding = 4; lastKnownFileType = sourcecode.c.objc; path = ZZReachability.m; sourceTree = "<group>"; };
		458C7B5D1C97A3AD00CA8017 /* Website */ = {isa = PBXFileReference; lastKnownFileType = folder; path = Website; sourceTree = "<group>"; };
		4D9ACA0ACB5C116D6970B319 /* libPods-SpeedyTransfer.a */ = {isa = PBXFileReference; explicitFileType = archive.ar; includeInIndex = 0; path = "libPods-SpeedyTransfer.a"; sourceTree = BUILT_PRODUCTS_DIR; };
		6D16DCCC400C02236F122188 /* Pods-SpeedyTransfer.debug.xcconfig */ = {isa = PBXFileReference; includeInIndex = 1; lastKnownFileType = text.xcconfig; name = "Pods-SpeedyTransfer.debug.xcconfig"; path = "Pods/Target Support Files/Pods-SpeedyTransfer/Pods-SpeedyTransfer.debug.xcconfig"; sourceTree = "<group>"; };
		CE0322661E9342050060C25C /* MJPhoto.h */ = {isa = PBXFileReference; fileEncoding = 4; lastKnownFileType = sourcecode.c.h; path = MJPhoto.h; sourceTree = "<group>"; };
		CE0322671E9342050060C25C /* MJPhoto.m */ = {isa = PBXFileReference; fileEncoding = 4; lastKnownFileType = sourcecode.c.objc; path = MJPhoto.m; sourceTree = "<group>"; };
		CE0322691E9342050060C25C /* MJPhotoBrowser.h */ = {isa = PBXFileReference; fileEncoding = 4; lastKnownFileType = sourcecode.c.h; path = MJPhotoBrowser.h; sourceTree = "<group>"; };
		CE03226A1E9342050060C25C /* MJPhotoBrowser.m */ = {isa = PBXFileReference; fileEncoding = 4; lastKnownFileType = sourcecode.c.objc; path = MJPhotoBrowser.m; sourceTree = "<group>"; };
		CE03226B1E9342050060C25C /* MJPhotoLoadingView.h */ = {isa = PBXFileReference; fileEncoding = 4; lastKnownFileType = sourcecode.c.h; path = MJPhotoLoadingView.h; sourceTree = "<group>"; };
		CE03226C1E9342050060C25C /* MJPhotoLoadingView.m */ = {isa = PBXFileReference; fileEncoding = 4; lastKnownFileType = sourcecode.c.objc; path = MJPhotoLoadingView.m; sourceTree = "<group>"; };
		CE03226D1E9342050060C25C /* MJPhotoProgressView.h */ = {isa = PBXFileReference; fileEncoding = 4; lastKnownFileType = sourcecode.c.h; path = MJPhotoProgressView.h; sourceTree = "<group>"; };
		CE03226E1E9342050060C25C /* MJPhotoProgressView.m */ = {isa = PBXFileReference; fileEncoding = 4; lastKnownFileType = sourcecode.c.objc; path = MJPhotoProgressView.m; sourceTree = "<group>"; };
		CE03226F1E9342050060C25C /* MJPhotoToolbar.h */ = {isa = PBXFileReference; fileEncoding = 4; lastKnownFileType = sourcecode.c.h; path = MJPhotoToolbar.h; sourceTree = "<group>"; };
		CE0322701E9342050060C25C /* MJPhotoToolbar.m */ = {isa = PBXFileReference; fileEncoding = 4; lastKnownFileType = sourcecode.c.objc; path = MJPhotoToolbar.m; sourceTree = "<group>"; };
		CE0322711E9342050060C25C /* MJPhotoView.h */ = {isa = PBXFileReference; fileEncoding = 4; lastKnownFileType = sourcecode.c.h; path = MJPhotoView.h; sourceTree = "<group>"; };
		CE0322721E9342050060C25C /* MJPhotoView.m */ = {isa = PBXFileReference; fileEncoding = 4; lastKnownFileType = sourcecode.c.objc; path = MJPhotoView.m; sourceTree = "<group>"; };
		CE03227A1E93B7C70060C25C /* STFilesModel.h */ = {isa = PBXFileReference; fileEncoding = 4; lastKnownFileType = sourcecode.c.h; path = STFilesModel.h; sourceTree = "<group>"; };
		CE03227B1E93B7C70060C25C /* STFilesModel.m */ = {isa = PBXFileReference; fileEncoding = 4; lastKnownFileType = sourcecode.c.objc; path = STFilesModel.m; sourceTree = "<group>"; };
		CE03227D1E93BB3C0060C25C /* STFileCell.h */ = {isa = PBXFileReference; fileEncoding = 4; lastKnownFileType = sourcecode.c.h; path = STFileCell.h; sourceTree = "<group>"; };
		CE03227E1E93BB3C0060C25C /* STFileCell.m */ = {isa = PBXFileReference; fileEncoding = 4; lastKnownFileType = sourcecode.c.objc; path = STFileCell.m; sourceTree = "<group>"; };
		CE0322801E93BE890060C25C /* STFileInfo.h */ = {isa = PBXFileReference; fileEncoding = 4; lastKnownFileType = sourcecode.c.h; path = STFileInfo.h; sourceTree = "<group>"; };
		CE0322811E93BE890060C25C /* STFileInfo.m */ = {isa = PBXFileReference; fileEncoding = 4; lastKnownFileType = sourcecode.c.objc; path = STFileInfo.m; sourceTree = "<group>"; };
		CE1A6E281CE82128006795E7 /* libWeiboSDK.a */ = {isa = PBXFileReference; lastKnownFileType = archive.ar; path = libWeiboSDK.a; sourceTree = "<group>"; };
		CE1A6E291CE82128006795E7 /* WeiboSDK.bundle */ = {isa = PBXFileReference; lastKnownFileType = "wrapper.plug-in"; path = WeiboSDK.bundle; sourceTree = "<group>"; };
		CE1A6E2A1CE82128006795E7 /* WeiboSDK.h */ = {isa = PBXFileReference; fileEncoding = 4; lastKnownFileType = sourcecode.c.h; path = WeiboSDK.h; sourceTree = "<group>"; };
		CE1D32381E7E5CCA00079C6A /* STConnectWifiAlertView.h */ = {isa = PBXFileReference; fileEncoding = 4; lastKnownFileType = sourcecode.c.h; path = STConnectWifiAlertView.h; sourceTree = "<group>"; };
		CE1D32391E7E5CCA00079C6A /* STConnectWifiAlertView.m */ = {isa = PBXFileReference; fileEncoding = 4; lastKnownFileType = sourcecode.c.objc; path = STConnectWifiAlertView.m; sourceTree = "<group>"; };
		CE285AE81E583849002FC6A1 /* STFilesViewController.h */ = {isa = PBXFileReference; fileEncoding = 4; lastKnownFileType = sourcecode.c.h; path = STFilesViewController.h; sourceTree = "<group>"; };
		CE285AE91E583849002FC6A1 /* STFilesViewController.m */ = {isa = PBXFileReference; fileEncoding = 4; lastKnownFileType = sourcecode.c.objc; path = STFilesViewController.m; sourceTree = "<group>"; };
		CE285AF51E585E58002FC6A1 /* HTContactsHeaderView.m */ = {isa = PBXFileReference; fileEncoding = 4; lastKnownFileType = sourcecode.c.objc; path = HTContactsHeaderView.m; sourceTree = "<group>"; };
		CE285AF61E585E58002FC6A1 /* HTContactsHeaderView.h */ = {isa = PBXFileReference; fileEncoding = 4; lastKnownFileType = sourcecode.c.h; path = HTContactsHeaderView.h; sourceTree = "<group>"; };
		CE285AF81E585E72002FC6A1 /* STMusicSelectionCell.h */ = {isa = PBXFileReference; fileEncoding = 4; lastKnownFileType = sourcecode.c.h; name = STMusicSelectionCell.h; path = Music/STMusicSelectionCell.h; sourceTree = "<group>"; };
		CE285AF91E585E72002FC6A1 /* STMusicSelectionCell.m */ = {isa = PBXFileReference; fileEncoding = 4; lastKnownFileType = sourcecode.c.objc; name = STMusicSelectionCell.m; path = Music/STMusicSelectionCell.m; sourceTree = "<group>"; };
		CE2AD7A91C4A340D00C67D1D /* HTJSONAdapter.h */ = {isa = PBXFileReference; fileEncoding = 4; lastKnownFileType = sourcecode.c.h; path = HTJSONAdapter.h; sourceTree = "<group>"; };
		CE2AD7AA1C4A340D00C67D1D /* HTJSONAdapter.m */ = {isa = PBXFileReference; fileEncoding = 4; lastKnownFileType = sourcecode.c.objc; path = HTJSONAdapter.m; sourceTree = "<group>"; };
		CE2AD7AC1C4A985F00C67D1D /* test.png */ = {isa = PBXFileReference; lastKnownFileType = image.png; path = test.png; sourceTree = "<group>"; };
		CE2AD7AE1C4AA15D00C67D1D /* IMG_7551.JPG */ = {isa = PBXFileReference; lastKnownFileType = image.jpeg; path = IMG_7551.JPG; sourceTree = "<group>"; };
		CE3AC9B61E581750004638E3 /* STFileSelectionViewController.h */ = {isa = PBXFileReference; fileEncoding = 4; lastKnownFileType = sourcecode.c.h; path = STFileSelectionViewController.h; sourceTree = "<group>"; };
		CE3AC9B71E581750004638E3 /* STFileSelectionViewController.m */ = {isa = PBXFileReference; fileEncoding = 4; lastKnownFileType = sourcecode.c.objc; path = STFileSelectionViewController.m; sourceTree = "<group>"; };
		CE6536AA1C2E8D1B00C1E8A3 /* STWifiNotConnectedPopupView2.h */ = {isa = PBXFileReference; fileEncoding = 4; lastKnownFileType = sourcecode.c.h; path = STWifiNotConnectedPopupView2.h; sourceTree = "<group>"; };
		CE6536AB1C2E8D1B00C1E8A3 /* STWifiNotConnectedPopupView2.m */ = {isa = PBXFileReference; fileEncoding = 4; lastKnownFileType = sourcecode.c.objc; path = STWifiNotConnectedPopupView2.m; sourceTree = "<group>"; };
		CE6536BF1C2ECD3400C1E8A3 /* STFileTransferCell.h */ = {isa = PBXFileReference; fileEncoding = 4; lastKnownFileType = sourcecode.c.h; path = STFileTransferCell.h; sourceTree = "<group>"; };
		CE6536C01C2ECD3400C1E8A3 /* STFileTransferCell.m */ = {isa = PBXFileReference; fileEncoding = 4; lastKnownFileType = sourcecode.c.objc; path = STFileTransferCell.m; sourceTree = "<group>"; };
		CE6536C11C2ECD3400C1E8A3 /* STFileTransferViewController.h */ = {isa = PBXFileReference; fileEncoding = 4; lastKnownFileType = sourcecode.c.h; path = STFileTransferViewController.h; sourceTree = "<group>"; };
		CE6536C21C2ECD3400C1E8A3 /* STFileTransferViewController.m */ = {isa = PBXFileReference; fileEncoding = 4; lastKnownFileType = sourcecode.c.objc; path = STFileTransferViewController.m; sourceTree = "<group>"; };
		CE6536C31C2ECD3400C1E8A3 /* STTransferInstructionViewController.h */ = {isa = PBXFileReference; fileEncoding = 4; lastKnownFileType = sourcecode.c.h; path = "STTransfer\U0005InstructionViewController.h"; sourceTree = "<group>"; };
		CE6536C41C2ECD3400C1E8A3 /* STTransferInstructionViewController.m */ = {isa = PBXFileReference; fileEncoding = 4; lastKnownFileType = sourcecode.c.objc; path = "STTransfer\U0005InstructionViewController.m"; sourceTree = "<group>"; };
		CE6536C51C2ECD3400C1E8A3 /* STWifiNotConnectedPopupView.h */ = {isa = PBXFileReference; fileEncoding = 4; lastKnownFileType = sourcecode.c.h; path = STWifiNotConnectedPopupView.h; sourceTree = "<group>"; };
		CE6536C61C2ECD3400C1E8A3 /* STWifiNotConnectedPopupView.m */ = {isa = PBXFileReference; fileEncoding = 4; lastKnownFileType = sourcecode.c.objc; path = STWifiNotConnectedPopupView.m; sourceTree = "<group>"; };
		CE6536CD1C2ECEC200C1E8A3 /* STContactInfo.h */ = {isa = PBXFileReference; fileEncoding = 4; lastKnownFileType = sourcecode.c.h; path = STContactInfo.h; sourceTree = "<group>"; };
		CE6536CE1C2ECEC200C1E8A3 /* STContactInfo.m */ = {isa = PBXFileReference; fileEncoding = 4; lastKnownFileType = sourcecode.c.objc; path = STContactInfo.m; sourceTree = "<group>"; };
		CE6536CF1C2ECEC200C1E8A3 /* STFileTransferInfo.h */ = {isa = PBXFileReference; fileEncoding = 4; lastKnownFileType = sourcecode.c.h; path = STFileTransferInfo.h; sourceTree = "<group>"; };
		CE6536D01C2ECEC200C1E8A3 /* STFileTransferInfo.m */ = {isa = PBXFileReference; fileEncoding = 4; lastKnownFileType = sourcecode.c.objc; path = STFileTransferInfo.m; sourceTree = "<group>"; };
		CE6536D11C2ECEC200C1E8A3 /* STMusicInfo.h */ = {isa = PBXFileReference; fileEncoding = 4; lastKnownFileType = sourcecode.c.h; path = STMusicInfo.h; sourceTree = "<group>"; };
		CE6536D21C2ECEC200C1E8A3 /* STMusicInfo.m */ = {isa = PBXFileReference; fileEncoding = 4; lastKnownFileType = sourcecode.c.objc; path = STMusicInfo.m; sourceTree = "<group>"; };
		CE6536D31C2ECEC200C1E8A3 /* STPictureCollectionHeaderInfo.h */ = {isa = PBXFileReference; fileEncoding = 4; lastKnownFileType = sourcecode.c.h; path = STPictureCollectionHeaderInfo.h; sourceTree = "<group>"; };
		CE6536D41C2ECEC300C1E8A3 /* STPictureCollectionHeaderInfo.m */ = {isa = PBXFileReference; fileEncoding = 4; lastKnownFileType = sourcecode.c.objc; path = STPictureCollectionHeaderInfo.m; sourceTree = "<group>"; };
		CE6536DA1C2ED0AF00C1E8A3 /* STFileTransferModel.h */ = {isa = PBXFileReference; fileEncoding = 4; lastKnownFileType = sourcecode.c.h; path = STFileTransferModel.h; sourceTree = "<group>"; };
		CE6536DB1C2ED0AF00C1E8A3 /* STFileTransferModel.m */ = {isa = PBXFileReference; fileEncoding = 4; lastKnownFileType = sourcecode.c.objc; path = STFileTransferModel.m; sourceTree = "<group>"; };
		CE6536DD1C2ED74600C1E8A3 /* ZZPath.h */ = {isa = PBXFileReference; fileEncoding = 4; lastKnownFileType = sourcecode.c.h; path = ZZPath.h; sourceTree = "<group>"; };
		CE6536DE1C2ED74600C1E8A3 /* ZZPath.m */ = {isa = PBXFileReference; fileEncoding = 4; lastKnownFileType = sourcecode.c.objc; path = ZZPath.m; sourceTree = "<group>"; };
		CE6536E51C2F07A600C1E8A3 /* defaultSql.sql */ = {isa = PBXFileReference; fileEncoding = 4; lastKnownFileType = text; path = defaultSql.sql; sourceTree = "<group>"; };
		CE6536E71C2F096600C1E8A3 /* HTFMDatabase.h */ = {isa = PBXFileReference; fileEncoding = 4; lastKnownFileType = sourcecode.c.h; path = HTFMDatabase.h; sourceTree = "<group>"; };
		CE6536E81C2F096600C1E8A3 /* HTFMDatabase.m */ = {isa = PBXFileReference; fileEncoding = 4; lastKnownFileType = sourcecode.c.objc; path = HTFMDatabase.m; sourceTree = "<group>"; };
		CE6536EA1C2F099A00C1E8A3 /* HTSQLBuffer.h */ = {isa = PBXFileReference; fileEncoding = 4; lastKnownFileType = sourcecode.c.h; path = HTSQLBuffer.h; sourceTree = "<group>"; };
		CE6536EB1C2F099A00C1E8A3 /* HTSQLBuffer.m */ = {isa = PBXFileReference; fileEncoding = 4; lastKnownFileType = sourcecode.c.objc; path = HTSQLBuffer.m; sourceTree = "<group>"; };
		CE6536ED1C2F0A8A00C1E8A3 /* HTSingleton.h */ = {isa = PBXFileReference; fileEncoding = 4; lastKnownFileType = sourcecode.c.h; path = HTSingleton.h; sourceTree = "<group>"; };
		CE6536EE1C2FBB2300C1E8A3 /* NSDate+ZZ.h */ = {isa = PBXFileReference; fileEncoding = 4; lastKnownFileType = sourcecode.c.h; path = "NSDate+ZZ.h"; sourceTree = "<group>"; };
		CE6536EF1C2FBB2300C1E8A3 /* NSDate+ZZ.m */ = {isa = PBXFileReference; fileEncoding = 4; lastKnownFileType = sourcecode.c.objc; path = "NSDate+ZZ.m"; sourceTree = "<group>"; };
		CE6536F11C2FD53600C1E8A3 /* STFileReceiveModel.h */ = {isa = PBXFileReference; fileEncoding = 4; lastKnownFileType = sourcecode.c.h; path = STFileReceiveModel.h; sourceTree = "<group>"; };
		CE6536F21C2FD53600C1E8A3 /* STFileReceiveModel.m */ = {isa = PBXFileReference; fileEncoding = 4; lastKnownFileType = sourcecode.c.objc; path = STFileReceiveModel.m; sourceTree = "<group>"; };
		CE6536FA1C31955000C1E8A3 /* ZZNavigationController.h */ = {isa = PBXFileReference; fileEncoding = 4; lastKnownFileType = sourcecode.c.h; path = ZZNavigationController.h; sourceTree = "<group>"; };
		CE6536FB1C31955000C1E8A3 /* ZZNavigationController.m */ = {isa = PBXFileReference; fileEncoding = 4; lastKnownFileType = sourcecode.c.objc; path = ZZNavigationController.m; sourceTree = "<group>"; };
		CE689DAB1C33B4C50013720F /* BusineesEntity.h */ = {isa = PBXFileReference; fileEncoding = 4; lastKnownFileType = sourcecode.c.h; path = BusineesEntity.h; sourceTree = "<group>"; };
		CE69FD141CE81A4F001A725F /* UIAlertController+HT.h */ = {isa = PBXFileReference; fileEncoding = 4; lastKnownFileType = sourcecode.c.h; path = "UIAlertController+HT.h"; sourceTree = "<group>"; };
		CE69FD151CE81A4F001A725F /* UIAlertController+HT.m */ = {isa = PBXFileReference; fileEncoding = 4; lastKnownFileType = sourcecode.c.objc; path = "UIAlertController+HT.m"; sourceTree = "<group>"; };
		CE69FD171CE81C96001A725F /* HTEmailViewController.h */ = {isa = PBXFileReference; fileEncoding = 4; lastKnownFileType = sourcecode.c.h; path = HTEmailViewController.h; sourceTree = "<group>"; };
		CE69FD181CE81C96001A725F /* HTEmailViewController.m */ = {isa = PBXFileReference; fileEncoding = 4; lastKnownFileType = sourcecode.c.objc; path = HTEmailViewController.m; sourceTree = "<group>"; };
		CE86491C1C2592BE0072518B /* AddressBook.framework */ = {isa = PBXFileReference; lastKnownFileType = wrapper.framework; name = AddressBook.framework; path = System/Library/Frameworks/AddressBook.framework; sourceTree = SDKROOT; };
		CE8975611C26AE5B002E11F8 /* MBProgressHUD.h */ = {isa = PBXFileReference; fileEncoding = 4; lastKnownFileType = sourcecode.c.h; path = MBProgressHUD.h; sourceTree = "<group>"; };
		CE8975621C26AE5B002E11F8 /* MBProgressHUD.m */ = {isa = PBXFileReference; fileEncoding = 4; lastKnownFileType = sourcecode.c.objc; path = MBProgressHUD.m; sourceTree = "<group>"; };
		CE8975661C284D89002E11F8 /* AddressBookUI.framework */ = {isa = PBXFileReference; lastKnownFileType = wrapper.framework; name = AddressBookUI.framework; path = System/Library/Frameworks/AddressBookUI.framework; sourceTree = SDKROOT; };
		CE9C919B1C38FBE10075CB06 /* STInviteFriendViewController.h */ = {isa = PBXFileReference; fileEncoding = 4; lastKnownFileType = sourcecode.c.h; path = STInviteFriendViewController.h; sourceTree = "<group>"; };
		CE9C919C1C38FBE10075CB06 /* STInviteFriendViewController.m */ = {isa = PBXFileReference; fileEncoding = 4; lastKnownFileType = sourcecode.c.objc; path = STInviteFriendViewController.m; sourceTree = "<group>"; };
		CE9C919E1C390AD60075CB06 /* STFindViewController.h */ = {isa = PBXFileReference; fileEncoding = 4; lastKnownFileType = sourcecode.c.h; path = STFindViewController.h; sourceTree = "<group>"; };
		CE9C919F1C390AD60075CB06 /* STFindViewController.m */ = {isa = PBXFileReference; fileEncoding = 4; lastKnownFileType = sourcecode.c.objc; path = STFindViewController.m; sourceTree = "<group>"; };
		CE9C91A11C390DAB0075CB06 /* STFeedBackViewController.h */ = {isa = PBXFileReference; fileEncoding = 4; lastKnownFileType = sourcecode.c.h; path = STFeedBackViewController.h; sourceTree = "<group>"; };
		CE9C91A21C390DAB0075CB06 /* STFeedBackViewController.m */ = {isa = PBXFileReference; fileEncoding = 4; lastKnownFileType = sourcecode.c.objc; path = STFeedBackViewController.m; sourceTree = "<group>"; };
		CE9C91A41C390EAA0075CB06 /* STFeedBackInputView.h */ = {isa = PBXFileReference; fileEncoding = 4; lastKnownFileType = sourcecode.c.h; path = STFeedBackInputView.h; sourceTree = "<group>"; };
		CE9C91A51C390EAA0075CB06 /* STFeedBackInputView.m */ = {isa = PBXFileReference; fileEncoding = 4; lastKnownFileType = sourcecode.c.objc; path = STFeedBackInputView.m; sourceTree = "<group>"; };
		CE9C91A71C39414D0075CB06 /* STFeedbackInfo.h */ = {isa = PBXFileReference; fileEncoding = 4; lastKnownFileType = sourcecode.c.h; path = STFeedbackInfo.h; sourceTree = "<group>"; };
		CE9C91A81C39414D0075CB06 /* STFeedbackInfo.m */ = {isa = PBXFileReference; fileEncoding = 4; lastKnownFileType = sourcecode.c.objc; path = STFeedbackInfo.m; sourceTree = "<group>"; };
		CE9C91AA1C3951D20075CB06 /* STFeedbackModel.h */ = {isa = PBXFileReference; fileEncoding = 4; lastKnownFileType = sourcecode.c.h; path = STFeedbackModel.h; sourceTree = "<group>"; };
		CE9C91AB1C3951D20075CB06 /* STFeedbackModel.m */ = {isa = PBXFileReference; fileEncoding = 4; lastKnownFileType = sourcecode.c.objc; path = STFeedbackModel.m; sourceTree = "<group>"; };
		CE9C91AD1C39537C0075CB06 /* STFeedbackCell.h */ = {isa = PBXFileReference; fileEncoding = 4; lastKnownFileType = sourcecode.c.h; path = STFeedbackCell.h; sourceTree = "<group>"; };
		CE9C91AE1C39537C0075CB06 /* STFeedbackCell.m */ = {isa = PBXFileReference; fileEncoding = 4; lastKnownFileType = sourcecode.c.objc; path = STFeedbackCell.m; sourceTree = "<group>"; };
		CE9C91B01C39697D0075CB06 /* STPersonalSettingViewController.h */ = {isa = PBXFileReference; fileEncoding = 4; lastKnownFileType = sourcecode.c.h; path = STPersonalSettingViewController.h; sourceTree = "<group>"; };
		CE9C91B11C39697D0075CB06 /* STPersonalSettingViewController.m */ = {isa = PBXFileReference; fileEncoding = 4; lastKnownFileType = sourcecode.c.objc; path = STPersonalSettingViewController.m; sourceTree = "<group>"; };
		CE9C91B31C3970D60075CB06 /* STPersonalSettingCell.h */ = {isa = PBXFileReference; fileEncoding = 4; lastKnownFileType = sourcecode.c.h; path = STPersonalSettingCell.h; sourceTree = "<group>"; };
		CE9C91B41C3970D60075CB06 /* STPersonalSettingCell.m */ = {isa = PBXFileReference; fileEncoding = 4; lastKnownFileType = sourcecode.c.objc; path = STPersonalSettingCell.m; sourceTree = "<group>"; };
		CE9C91B61C397C210075CB06 /* UIImage+ZZ.h */ = {isa = PBXFileReference; fileEncoding = 4; lastKnownFileType = sourcecode.c.h; path = "UIImage+ZZ.h"; sourceTree = "<group>"; };
		CE9C91B71C397C210075CB06 /* UIImage+ZZ.m */ = {isa = PBXFileReference; fileEncoding = 4; lastKnownFileType = sourcecode.c.objc; path = "UIImage+ZZ.m"; sourceTree = "<group>"; };
		CEA12C471C29ABCB00328CEF /* Reachability.h */ = {isa = PBXFileReference; fileEncoding = 4; lastKnownFileType = sourcecode.c.h; path = Reachability.h; sourceTree = "<group>"; };
		CEA12C481C29ABCB00328CEF /* Reachability.m */ = {isa = PBXFileReference; fileEncoding = 4; lastKnownFileType = sourcecode.c.objc; path = Reachability.m; sourceTree = "<group>"; };
		CEA4965A1E62DB4C00B97BD5 /* STMultiPeerTransferModel.h */ = {isa = PBXFileReference; fileEncoding = 4; lastKnownFileType = sourcecode.c.h; path = STMultiPeerTransferModel.h; sourceTree = "<group>"; };
		CEA4965B1E62DB4C00B97BD5 /* STMultiPeerTransferModel.m */ = {isa = PBXFileReference; fileEncoding = 4; lastKnownFileType = sourcecode.c.objc; path = STMultiPeerTransferModel.m; sourceTree = "<group>"; };
		CEA74C2A1C78656400E1B34C /* STDeviceButton.h */ = {isa = PBXFileReference; fileEncoding = 4; lastKnownFileType = sourcecode.c.h; path = STDeviceButton.h; sourceTree = "<group>"; };
		CEA74C2B1C78656400E1B34C /* STDeviceButton.m */ = {isa = PBXFileReference; fileEncoding = 4; lastKnownFileType = sourcecode.c.objc; path = STDeviceButton.m; sourceTree = "<group>"; };
		CEA74C2D1C79D65F00E1B34C /* STSendHeaderView.h */ = {isa = PBXFileReference; fileEncoding = 4; lastKnownFileType = sourcecode.c.h; path = STSendHeaderView.h; sourceTree = "<group>"; };
		CEA74C2E1C79D65F00E1B34C /* STSendHeaderView.m */ = {isa = PBXFileReference; fileEncoding = 4; lastKnownFileType = sourcecode.c.objc; path = STSendHeaderView.m; sourceTree = "<group>"; };
		CEA74C301C79D68100E1B34C /* STReceiveHeaderView.h */ = {isa = PBXFileReference; fileEncoding = 4; lastKnownFileType = sourcecode.c.h; path = STReceiveHeaderView.h; sourceTree = "<group>"; };
		CEA74C311C79D68100E1B34C /* STReceiveHeaderView.m */ = {isa = PBXFileReference; fileEncoding = 4; lastKnownFileType = sourcecode.c.objc; path = STReceiveHeaderView.m; sourceTree = "<group>"; };
		CEA74C331C81ADE800E1B34C /* ZZFileUtility.h */ = {isa = PBXFileReference; fileEncoding = 4; lastKnownFileType = sourcecode.c.h; path = ZZFileUtility.h; sourceTree = "<group>"; };
		CEA74C341C81ADE800E1B34C /* ZZFileUtility.m */ = {isa = PBXFileReference; fileEncoding = 4; lastKnownFileType = sourcecode.c.objc; path = ZZFileUtility.m; sourceTree = "<group>"; };
		CEB29E5E1C21A9EB00F17804 /* NSDictionary+HT.h */ = {isa = PBXFileReference; fileEncoding = 4; lastKnownFileType = sourcecode.c.h; path = "NSDictionary+HT.h"; sourceTree = "<group>"; };
		CEB29E5F1C21A9EB00F17804 /* NSDictionary+HT.m */ = {isa = PBXFileReference; fileEncoding = 4; lastKnownFileType = sourcecode.c.objc; path = "NSDictionary+HT.m"; sourceTree = "<group>"; };
		CEB29E651C21B7C000F17804 /* HTDrawView.h */ = {isa = PBXFileReference; fileEncoding = 4; lastKnownFileType = sourcecode.c.h; path = HTDrawView.h; sourceTree = "<group>"; };
		CEB29E661C21B7C000F17804 /* HTDrawView.m */ = {isa = PBXFileReference; fileEncoding = 4; lastKnownFileType = sourcecode.c.objc; path = HTDrawView.m; sourceTree = "<group>"; };
		CEB29E6A1C21B8BE00F17804 /* ALView+PureLayout.h */ = {isa = PBXFileReference; fileEncoding = 4; lastKnownFileType = sourcecode.c.h; path = "ALView+PureLayout.h"; sourceTree = "<group>"; };
		CEB29E6B1C21B8BE00F17804 /* ALView+PureLayout.m */ = {isa = PBXFileReference; fileEncoding = 4; lastKnownFileType = sourcecode.c.objc; path = "ALView+PureLayout.m"; sourceTree = "<group>"; };
		CEB29E6C1C21B8BE00F17804 /* NSArray+PureLayout.h */ = {isa = PBXFileReference; fileEncoding = 4; lastKnownFileType = sourcecode.c.h; path = "NSArray+PureLayout.h"; sourceTree = "<group>"; };
		CEB29E6D1C21B8BE00F17804 /* NSArray+PureLayout.m */ = {isa = PBXFileReference; fileEncoding = 4; lastKnownFileType = sourcecode.c.objc; path = "NSArray+PureLayout.m"; sourceTree = "<group>"; };
		CEB29E6E1C21B8BE00F17804 /* NSLayoutConstraint+PureLayout.h */ = {isa = PBXFileReference; fileEncoding = 4; lastKnownFileType = sourcecode.c.h; path = "NSLayoutConstraint+PureLayout.h"; sourceTree = "<group>"; };
		CEB29E6F1C21B8BE00F17804 /* NSLayoutConstraint+PureLayout.m */ = {isa = PBXFileReference; fileEncoding = 4; lastKnownFileType = sourcecode.c.objc; path = "NSLayoutConstraint+PureLayout.m"; sourceTree = "<group>"; };
		CEB29E701C21B8BE00F17804 /* PureLayout+Internal.h */ = {isa = PBXFileReference; fileEncoding = 4; lastKnownFileType = sourcecode.c.h; path = "PureLayout+Internal.h"; sourceTree = "<group>"; };
		CEB29E711C21B8BE00F17804 /* PureLayout.h */ = {isa = PBXFileReference; fileEncoding = 4; lastKnownFileType = sourcecode.c.h; path = PureLayout.h; sourceTree = "<group>"; };
		CEB29E721C21B8BE00F17804 /* PureLayoutDefines.h */ = {isa = PBXFileReference; fileEncoding = 4; lastKnownFileType = sourcecode.c.h; path = PureLayoutDefines.h; sourceTree = "<group>"; };
		CEB29E761C21B92300F17804 /* HTUIKit.h */ = {isa = PBXFileReference; fileEncoding = 4; lastKnownFileType = sourcecode.c.h; path = HTUIKit.h; sourceTree = "<group>"; };
		CEB29E7A1C230BA400F17804 /* UIViewController+ST.h */ = {isa = PBXFileReference; fileEncoding = 4; lastKnownFileType = sourcecode.c.h; path = "UIViewController+ST.h"; sourceTree = "<group>"; };
		CEB29E7B1C230BA400F17804 /* UIViewController+ST.m */ = {isa = PBXFileReference; fileEncoding = 4; lastKnownFileType = sourcecode.c.objc; path = "UIViewController+ST.m"; sourceTree = "<group>"; };
		CEB29E801C253C4D00F17804 /* STPictureCollectionViewController.h */ = {isa = PBXFileReference; fileEncoding = 4; lastKnownFileType = sourcecode.c.h; path = STPictureCollectionViewController.h; sourceTree = "<group>"; };
		CEB29E811C253C4D00F17804 /* STPictureCollectionViewController.m */ = {isa = PBXFileReference; fileEncoding = 4; lastKnownFileType = sourcecode.c.objc; path = STPictureCollectionViewController.m; sourceTree = "<group>"; };
		CEB29E831C253F4800F17804 /* STPictureCollectionReusableView.h */ = {isa = PBXFileReference; fileEncoding = 4; lastKnownFileType = sourcecode.c.h; path = STPictureCollectionReusableView.h; sourceTree = "<group>"; };
		CEB29E841C253F4800F17804 /* STPictureCollectionReusableView.m */ = {isa = PBXFileReference; fileEncoding = 4; lastKnownFileType = sourcecode.c.objc; path = STPictureCollectionReusableView.m; sourceTree = "<group>"; };
		CEB74DFD1E6BC73900E58911 /* STFileTransferBaseModel.h */ = {isa = PBXFileReference; fileEncoding = 4; lastKnownFileType = sourcecode.c.h; path = STFileTransferBaseModel.h; sourceTree = "<group>"; };
		CEB74DFE1E6BC73900E58911 /* STFileTransferBaseModel.m */ = {isa = PBXFileReference; fileEncoding = 4; lastKnownFileType = sourcecode.c.objc; path = STFileTransferBaseModel.m; sourceTree = "<group>"; };
		CEB74E001E6BEF0500E58911 /* STPacket.h */ = {isa = PBXFileReference; fileEncoding = 4; lastKnownFileType = sourcecode.c.h; path = STPacket.h; sourceTree = "<group>"; };
		CEB74E011E6BEF0500E58911 /* STPacket.m */ = {isa = PBXFileReference; fileEncoding = 4; lastKnownFileType = sourcecode.c.objc; path = STPacket.m; sourceTree = "<group>"; };
		CEB7C7B61E502EC600E924D4 /* STWalkThroughView.h */ = {isa = PBXFileReference; fileEncoding = 4; lastKnownFileType = sourcecode.c.h; path = STWalkThroughView.h; sourceTree = "<group>"; };
		CEB7C7B71E502EC600E924D4 /* STWalkThroughView.m */ = {isa = PBXFileReference; fileEncoding = 4; lastKnownFileType = sourcecode.c.objc; path = STWalkThroughView.m; sourceTree = "<group>"; };
		CEB7C7B91E50736000E924D4 /* STLeftPanelView.h */ = {isa = PBXFileReference; fileEncoding = 4; lastKnownFileType = sourcecode.c.h; path = STLeftPanelView.h; sourceTree = "<group>"; };
		CEB7C7BA1E50736000E924D4 /* STLeftPanelView.m */ = {isa = PBXFileReference; fileEncoding = 4; lastKnownFileType = sourcecode.c.objc; path = STLeftPanelView.m; sourceTree = "<group>"; };
		CEB7C7BC1E508E3400E924D4 /* STFileSegementControl.h */ = {isa = PBXFileReference; fileEncoding = 4; lastKnownFileType = sourcecode.c.h; path = STFileSegementControl.h; sourceTree = "<group>"; };
		CEB7C7BD1E508E3400E924D4 /* STFileSegementControl.m */ = {isa = PBXFileReference; fileEncoding = 4; lastKnownFileType = sourcecode.c.objc; path = STFileSegementControl.m; sourceTree = "<group>"; };
		CEBB14711C33CCD300874142 /* STSettingViewController.h */ = {isa = PBXFileReference; fileEncoding = 4; lastKnownFileType = sourcecode.c.h; path = STSettingViewController.h; sourceTree = "<group>"; };
		CEBB14721C33CCD300874142 /* STSettingViewController.m */ = {isa = PBXFileReference; fileEncoding = 4; lastKnownFileType = sourcecode.c.objc; path = STSettingViewController.m; sourceTree = "<group>"; };
		CEBB14741C33DB5C00874142 /* STAboutViewController.h */ = {isa = PBXFileReference; fileEncoding = 4; lastKnownFileType = sourcecode.c.h; path = STAboutViewController.h; sourceTree = "<group>"; };
		CEBB14751C33DB5C00874142 /* STAboutViewController.m */ = {isa = PBXFileReference; fileEncoding = 4; lastKnownFileType = sourcecode.c.objc; path = STAboutViewController.m; sourceTree = "<group>"; };
		CEBF5C4E1E61999A0072C06B /* STEstablishConnectViewController.h */ = {isa = PBXFileReference; fileEncoding = 4; lastKnownFileType = sourcecode.c.h; path = STEstablishConnectViewController.h; sourceTree = "<group>"; };
		CEBF5C4F1E61999A0072C06B /* STEstablishConnectViewController.m */ = {isa = PBXFileReference; fileEncoding = 4; lastKnownFileType = sourcecode.c.objc; path = STEstablishConnectViewController.m; sourceTree = "<group>"; };
		CEBF5C511E61B7050072C06B /* STScanQRCodeViewController.h */ = {isa = PBXFileReference; fileEncoding = 4; lastKnownFileType = sourcecode.c.h; path = STScanQRCodeViewController.h; sourceTree = "<group>"; };
		CEBF5C521E61B7050072C06B /* STScanQRCodeViewController.m */ = {isa = PBXFileReference; fileEncoding = 4; lastKnownFileType = sourcecode.c.objc; path = STScanQRCodeViewController.m; sourceTree = "<group>"; };
		CED003101C0B2766005146A4 /* UIButton+ZZ.h */ = {isa = PBXFileReference; fileEncoding = 4; lastKnownFileType = sourcecode.c.h; path = "UIButton+ZZ.h"; sourceTree = "<group>"; };
		CED003111C0B2766005146A4 /* UIButton+ZZ.m */ = {isa = PBXFileReference; fileEncoding = 4; lastKnownFileType = sourcecode.c.objc; path = "UIButton+ZZ.m"; sourceTree = "<group>"; };
		CED0D1121C1D53ED00F5C0E3 /* Photos.framework */ = {isa = PBXFileReference; lastKnownFileType = wrapper.framework; name = Photos.framework; path = System/Library/Frameworks/Photos.framework; sourceTree = SDKROOT; };
		CED0D1151C1D576D00F5C0E3 /* STContactsSelectionViewController.h */ = {isa = PBXFileReference; fileEncoding = 4; lastKnownFileType = sourcecode.c.h; path = STContactsSelectionViewController.h; sourceTree = "<group>"; };
		CED0D1161C1D576D00F5C0E3 /* STContactsSelectionViewController.m */ = {isa = PBXFileReference; fileEncoding = 4; lastKnownFileType = sourcecode.c.objc; path = STContactsSelectionViewController.m; sourceTree = "<group>"; };
		CED0D11E1C1D576D00F5C0E3 /* STVideoSelectionViewController.h */ = {isa = PBXFileReference; fileEncoding = 4; lastKnownFileType = sourcecode.c.h; path = STVideoSelectionViewController.h; sourceTree = "<group>"; };
		CED0D11F1C1D576D00F5C0E3 /* STVideoSelectionViewController.m */ = {isa = PBXFileReference; fileEncoding = 4; lastKnownFileType = sourcecode.c.objc; path = STVideoSelectionViewController.m; sourceTree = "<group>"; };
		CED0D12B1C1D77DF00F5C0E3 /* HZAssetCollectionViewCell.h */ = {isa = PBXFileReference; fileEncoding = 4; lastKnownFileType = sourcecode.c.h; path = HZAssetCollectionViewCell.h; sourceTree = "<group>"; };
		CED0D12C1C1D77DF00F5C0E3 /* HZAssetCollectionViewCell.m */ = {isa = PBXFileReference; fileEncoding = 4; lastKnownFileType = sourcecode.c.objc; path = HZAssetCollectionViewCell.m; sourceTree = "<group>"; };
		CED0D1311C1D959800F5C0E3 /* UITableViewCell+ST.h */ = {isa = PBXFileReference; fileEncoding = 4; lastKnownFileType = sourcecode.c.h; path = "UITableViewCell+ST.h"; sourceTree = "<group>"; };
		CED0D1321C1D959800F5C0E3 /* UITableViewCell+ST.m */ = {isa = PBXFileReference; fileEncoding = 4; lastKnownFileType = sourcecode.c.objc; path = "UITableViewCell+ST.m"; sourceTree = "<group>"; };
		CED0D1381C21A58800F5C0E3 /* NSString+Extension.h */ = {isa = PBXFileReference; fileEncoding = 4; lastKnownFileType = sourcecode.c.h; path = "NSString+Extension.h"; sourceTree = "<group>"; };
		CED0D1391C21A58800F5C0E3 /* NSString+Extension.m */ = {isa = PBXFileReference; fileEncoding = 4; lastKnownFileType = sourcecode.c.objc; path = "NSString+Extension.m"; sourceTree = "<group>"; };
		CED0D13B1C21A59200F5C0E3 /* AVURLAsset+Extension.h */ = {isa = PBXFileReference; fileEncoding = 4; lastKnownFileType = sourcecode.c.h; path = "AVURLAsset+Extension.h"; sourceTree = "<group>"; };
		CED0D13C1C21A59200F5C0E3 /* AVURLAsset+Extension.m */ = {isa = PBXFileReference; fileEncoding = 4; lastKnownFileType = sourcecode.c.objc; path = "AVURLAsset+Extension.m"; sourceTree = "<group>"; };
		CED62A2A1C094FDD00270EDB /* SpeedyTransfer.app */ = {isa = PBXFileReference; explicitFileType = wrapper.application; includeInIndex = 0; path = SpeedyTransfer.app; sourceTree = BUILT_PRODUCTS_DIR; };
		CED62A301C094FDD00270EDB /* AppDelegate.h */ = {isa = PBXFileReference; lastKnownFileType = sourcecode.c.h; path = AppDelegate.h; sourceTree = "<group>"; };
		CED62A311C094FDD00270EDB /* AppDelegate.m */ = {isa = PBXFileReference; lastKnownFileType = sourcecode.c.objc; path = AppDelegate.m; sourceTree = "<group>"; };
		CED62A331C094FDD00270EDB /* STHomeViewController.h */ = {isa = PBXFileReference; lastKnownFileType = sourcecode.c.h; path = STHomeViewController.h; sourceTree = "<group>"; };
		CED62A341C094FDD00270EDB /* STHomeViewController.m */ = {isa = PBXFileReference; lastKnownFileType = sourcecode.c.objc; path = STHomeViewController.m; sourceTree = "<group>"; };
		CED62A451C09512100270EDB /* Info.plist */ = {isa = PBXFileReference; fileEncoding = 4; lastKnownFileType = text.plist.xml; path = Info.plist; sourceTree = "<group>"; };
		CED62A461C09512100270EDB /* main.m */ = {isa = PBXFileReference; fileEncoding = 4; lastKnownFileType = sourcecode.c.objc; path = main.m; sourceTree = "<group>"; };
		CED62A4A1C09514200270EDB /* Assets.xcassets */ = {isa = PBXFileReference; lastKnownFileType = folder.assetcatalog; path = Assets.xcassets; sourceTree = "<group>"; };
		CED62A511C09719500270EDB /* UIView+ZZ.h */ = {isa = PBXFileReference; fileEncoding = 4; lastKnownFileType = sourcecode.c.h; path = "UIView+ZZ.h"; sourceTree = "<group>"; };
		CED62A521C09719500270EDB /* UIView+ZZ.m */ = {isa = PBXFileReference; fileEncoding = 4; lastKnownFileType = sourcecode.c.objc; path = "UIView+ZZ.m"; sourceTree = "<group>"; };
		CED62A541C09721F00270EDB /* UIDevice+ZZ.h */ = {isa = PBXFileReference; fileEncoding = 4; lastKnownFileType = sourcecode.c.h; path = "UIDevice+ZZ.h"; sourceTree = "<group>"; };
		CED62A551C09721F00270EDB /* UIDevice+ZZ.m */ = {isa = PBXFileReference; fileEncoding = 4; lastKnownFileType = sourcecode.c.objc; path = "UIDevice+ZZ.m"; sourceTree = "<group>"; };
		CED62A571C09722E00270EDB /* ZZCategory.h */ = {isa = PBXFileReference; fileEncoding = 4; lastKnownFileType = sourcecode.c.h; path = ZZCategory.h; sourceTree = "<group>"; };
		CED62A581C0972EB00270EDB /* SpeedyTransfer-Prefix.pch */ = {isa = PBXFileReference; fileEncoding = 4; lastKnownFileType = sourcecode.c.h; path = "SpeedyTransfer-Prefix.pch"; sourceTree = "<group>"; };
		CED62A5D1C099C6000270EDB /* UIColor+ZZ.h */ = {isa = PBXFileReference; fileEncoding = 4; lastKnownFileType = sourcecode.c.h; path = "UIColor+ZZ.h"; sourceTree = "<group>"; };
		CED62A5E1C099C6000270EDB /* UIColor+ZZ.m */ = {isa = PBXFileReference; fileEncoding = 4; lastKnownFileType = sourcecode.c.objc; path = "UIColor+ZZ.m"; sourceTree = "<group>"; };
		CED62A611C09A53F00270EDB /* ZZMacros.h */ = {isa = PBXFileReference; fileEncoding = 4; lastKnownFileType = sourcecode.c.h; path = ZZMacros.h; sourceTree = "<group>"; };
		CED926E31E8D577B00FBC133 /* STNoFileAlertView.xib */ = {isa = PBXFileReference; fileEncoding = 4; lastKnownFileType = file.xib; name = STNoFileAlertView.xib; path = ../STNoFileAlertView.xib; sourceTree = "<group>"; };
		CED926E51E8D5B7C00FBC133 /* STNoFileAlertView.h */ = {isa = PBXFileReference; fileEncoding = 4; lastKnownFileType = sourcecode.c.h; path = STNoFileAlertView.h; sourceTree = "<group>"; };
		CED926E61E8D5B7C00FBC133 /* STNoFileAlertView.m */ = {isa = PBXFileReference; fileEncoding = 4; lastKnownFileType = sourcecode.c.objc; path = STNoFileAlertView.m; sourceTree = "<group>"; };
		CED926EA1E92589800FBC133 /* UIViewController+ZZ.h */ = {isa = PBXFileReference; fileEncoding = 4; lastKnownFileType = sourcecode.c.h; path = "UIViewController+ZZ.h"; sourceTree = "<group>"; };
		CED926EB1E92589800FBC133 /* UIViewController+ZZ.m */ = {isa = PBXFileReference; fileEncoding = 4; lastKnownFileType = sourcecode.c.objc; path = "UIViewController+ZZ.m"; sourceTree = "<group>"; };
		CED926F01E92624600FBC133 /* STFeedbackTimeCell.h */ = {isa = PBXFileReference; fileEncoding = 4; lastKnownFileType = sourcecode.c.h; path = STFeedbackTimeCell.h; sourceTree = "<group>"; };
		CED926F11E92624600FBC133 /* STFeedbackTimeCell.m */ = {isa = PBXFileReference; fileEncoding = 4; lastKnownFileType = sourcecode.c.objc; path = STFeedbackTimeCell.m; sourceTree = "<group>"; };
		CED926F21E92624600FBC133 /* STFeedbackTimeCell.xib */ = {isa = PBXFileReference; fileEncoding = 4; lastKnownFileType = file.xib; path = STFeedbackTimeCell.xib; sourceTree = "<group>"; };
		CEDF05AA1D2ABDB200D48D58 /* ZZFunction.h */ = {isa = PBXFileReference; fileEncoding = 4; lastKnownFileType = sourcecode.c.h; path = ZZFunction.h; sourceTree = "<group>"; };
		CEDF05AB1D2ABDB200D48D58 /* ZZFunction.m */ = {isa = PBXFileReference; fileEncoding = 4; lastKnownFileType = sourcecode.c.objc; path = ZZFunction.m; sourceTree = "<group>"; };
/* End PBXFileReference section */

/* Begin PBXFrameworksBuildPhase section */
		CED62A271C094FDD00270EDB /* Frameworks */ = {
			isa = PBXFrameworksBuildPhase;
			buildActionMask = 2147483647;
			files = (
				CE1A6E2B1CE82128006795E7 /* libWeiboSDK.a in Frameworks */,
				CE8975671C284D89002E11F8 /* AddressBookUI.framework in Frameworks */,
				CE86491D1C2592BE0072518B /* AddressBook.framework in Frameworks */,
				CED0D1131C1D53ED00F5C0E3 /* Photos.framework in Frameworks */,
				5193011BCFD3897B337DD5C0 /* libPods-SpeedyTransfer.a in Frameworks */,
			);
			runOnlyForDeploymentPostprocessing = 0;
		};
/* End PBXFrameworksBuildPhase section */

/* Begin PBXGroup section */
		4558BFC51C7453DD002F5718 /* KeychainUtils */ = {
			isa = PBXGroup;
			children = (
				4558BFC61C7453F1002F5718 /* HTSFHFKeychainUtils.h */,
				4558BFC71C7453F1002F5718 /* HTSFHFKeychainUtils.m */,
			);
			path = KeychainUtils;
			sourceTree = "<group>";
		};
		4558BFC91C7458FB002F5718 /* OpenUDID */ = {
			isa = PBXGroup;
			children = (
				4558BFCA1C745903002F5718 /* OpenUDID.h */,
				4558BFCB1C745903002F5718 /* OpenUDID.m */,
			);
			path = OpenUDID;
			sourceTree = "<group>";
		};
		4569CB361C41262C00A97D2A /* ZZFoundation */ = {
			isa = PBXGroup;
			children = (
				4569CB371C41264C00A97D2A /* ZZReachability.h */,
				4569CB381C41264C00A97D2A /* ZZReachability.m */,
				4558BFC21C74538B002F5718 /* HTKeychainUtil.h */,
				4558BFC31C74538B002F5718 /* HTKeychainUtil.m */,
				CEA74C331C81ADE800E1B34C /* ZZFileUtility.h */,
				CEA74C341C81ADE800E1B34C /* ZZFileUtility.m */,
			);
			name = ZZFoundation;
			path = SpeedyTransfer/ZZFoundation;
			sourceTree = "<group>";
		};
		5AED4E2A6C934D663D247AEC /* Frameworks */ = {
			isa = PBXGroup;
			children = (
				CE8975661C284D89002E11F8 /* AddressBookUI.framework */,
				CE86491C1C2592BE0072518B /* AddressBook.framework */,
				CED0D1121C1D53ED00F5C0E3 /* Photos.framework */,
				4D9ACA0ACB5C116D6970B319 /* libPods-SpeedyTransfer.a */,
			);
			name = Frameworks;
			sourceTree = "<group>";
		};
		A22B05B82FC5CE2CA13DD93A /* Pods */ = {
			isa = PBXGroup;
			children = (
				6D16DCCC400C02236F122188 /* Pods-SpeedyTransfer.debug.xcconfig */,
				3976928CF3B9296EE398E02F /* Pods-SpeedyTransfer.release.xcconfig */,
			);
			name = Pods;
			sourceTree = "<group>";
		};
		CE0322651E9342050060C25C /* PhotoBrowser */ = {
			isa = PBXGroup;
			children = (
				CE0322661E9342050060C25C /* MJPhoto.h */,
				CE0322671E9342050060C25C /* MJPhoto.m */,
				CE0322691E9342050060C25C /* MJPhotoBrowser.h */,
				CE03226A1E9342050060C25C /* MJPhotoBrowser.m */,
				CE03226B1E9342050060C25C /* MJPhotoLoadingView.h */,
				CE03226C1E9342050060C25C /* MJPhotoLoadingView.m */,
				CE03226D1E9342050060C25C /* MJPhotoProgressView.h */,
				CE03226E1E9342050060C25C /* MJPhotoProgressView.m */,
				CE03226F1E9342050060C25C /* MJPhotoToolbar.h */,
				CE0322701E9342050060C25C /* MJPhotoToolbar.m */,
				CE0322711E9342050060C25C /* MJPhotoView.h */,
				CE0322721E9342050060C25C /* MJPhotoView.m */,
			);
			path = PhotoBrowser;
			sourceTree = "<group>";
		};
		CE1A6E261CE82128006795E7 /* SNS */ = {
			isa = PBXGroup;
			children = (
				CE1A6E271CE82128006795E7 /* libWeiboSDK */,
			);
			path = SNS;
			sourceTree = "<group>";
		};
		CE1A6E271CE82128006795E7 /* libWeiboSDK */ = {
			isa = PBXGroup;
			children = (
				CE1A6E281CE82128006795E7 /* libWeiboSDK.a */,
				CE1A6E291CE82128006795E7 /* WeiboSDK.bundle */,
				CE1A6E2A1CE82128006795E7 /* WeiboSDK.h */,
			);
			path = libWeiboSDK;
			sourceTree = "<group>";
		};
		CE285AE71E583827002FC6A1 /* Files */ = {
			isa = PBXGroup;
			children = (
				CE285AE81E583849002FC6A1 /* STFilesViewController.h */,
				CE285AE91E583849002FC6A1 /* STFilesViewController.m */,
				CE03227D1E93BB3C0060C25C /* STFileCell.h */,
				CE03227E1E93BB3C0060C25C /* STFileCell.m */,
				CE03227A1E93B7C70060C25C /* STFilesModel.h */,
				CE03227B1E93B7C70060C25C /* STFilesModel.m */,
			);
			path = Files;
			sourceTree = "<group>";
		};
		CE6536A61C2E8AB400C1E8A3 /* FileReceive */ = {
			isa = PBXGroup;
			children = (
				CE6536F11C2FD53600C1E8A3 /* STFileReceiveModel.h */,
				CE6536F21C2FD53600C1E8A3 /* STFileReceiveModel.m */,
				CE6536AA1C2E8D1B00C1E8A3 /* STWifiNotConnectedPopupView2.h */,
				CE6536AB1C2E8D1B00C1E8A3 /* STWifiNotConnectedPopupView2.m */,
				CEBF5C511E61B7050072C06B /* STScanQRCodeViewController.h */,
				CEBF5C521E61B7050072C06B /* STScanQRCodeViewController.m */,
				CE1D32381E7E5CCA00079C6A /* STConnectWifiAlertView.h */,
				CE1D32391E7E5CCA00079C6A /* STConnectWifiAlertView.m */,
			);
			path = FileReceive;
			sourceTree = "<group>";
		};
		CE6536BB1C2ECD3400C1E8A3 /* FileTransfer */ = {
			isa = PBXGroup;
			children = (
				CE6536D91C2ED09100C1E8A3 /* Model */,
				CE6536C11C2ECD3400C1E8A3 /* STFileTransferViewController.h */,
				CE6536C21C2ECD3400C1E8A3 /* STFileTransferViewController.m */,
				CEBF5C4E1E61999A0072C06B /* STEstablishConnectViewController.h */,
				CEBF5C4F1E61999A0072C06B /* STEstablishConnectViewController.m */,
				CE6536C31C2ECD3400C1E8A3 /* STTransferInstructionViewController.h */,
				CE6536C41C2ECD3400C1E8A3 /* STTransferInstructionViewController.m */,
				CE6536C51C2ECD3400C1E8A3 /* STWifiNotConnectedPopupView.h */,
				CE6536C61C2ECD3400C1E8A3 /* STWifiNotConnectedPopupView.m */,
				CE6536BF1C2ECD3400C1E8A3 /* STFileTransferCell.h */,
				CE6536C01C2ECD3400C1E8A3 /* STFileTransferCell.m */,
				CEA74C2D1C79D65F00E1B34C /* STSendHeaderView.h */,
				CEA74C2E1C79D65F00E1B34C /* STSendHeaderView.m */,
				CEA74C301C79D68100E1B34C /* STReceiveHeaderView.h */,
				CEA74C311C79D68100E1B34C /* STReceiveHeaderView.m */,
				CEA74C2A1C78656400E1B34C /* STDeviceButton.h */,
				CEA74C2B1C78656400E1B34C /* STDeviceButton.m */,
			);
			path = FileTransfer;
			sourceTree = "<group>";
		};
		CE6536CC1C2ECE3200C1E8A3 /* BusinessEntity */ = {
			isa = PBXGroup;
			children = (
				CE689DAB1C33B4C50013720F /* BusineesEntity.h */,
				CE6536CD1C2ECEC200C1E8A3 /* STContactInfo.h */,
				CE6536CE1C2ECEC200C1E8A3 /* STContactInfo.m */,
				CE6536D11C2ECEC200C1E8A3 /* STMusicInfo.h */,
				CE6536D21C2ECEC200C1E8A3 /* STMusicInfo.m */,
				CE6536D31C2ECEC200C1E8A3 /* STPictureCollectionHeaderInfo.h */,
				CE6536D41C2ECEC300C1E8A3 /* STPictureCollectionHeaderInfo.m */,
				CE6536CF1C2ECEC200C1E8A3 /* STFileTransferInfo.h */,
				CE6536D01C2ECEC200C1E8A3 /* STFileTransferInfo.m */,
				CE9C91A71C39414D0075CB06 /* STFeedbackInfo.h */,
				CE9C91A81C39414D0075CB06 /* STFeedbackInfo.m */,
				4558BFCD1C746862002F5718 /* STDeviceInfo.h */,
				4558BFCE1C746862002F5718 /* STDeviceInfo.m */,
				CEB74E001E6BEF0500E58911 /* STPacket.h */,
				CEB74E011E6BEF0500E58911 /* STPacket.m */,
				CE0322801E93BE890060C25C /* STFileInfo.h */,
				CE0322811E93BE890060C25C /* STFileInfo.m */,
			);
			name = BusinessEntity;
			path = SpeedyTransfer/BusinessEntity;
			sourceTree = "<group>";
		};
		CE6536D91C2ED09100C1E8A3 /* Model */ = {
			isa = PBXGroup;
			children = (
				4558BFD01C747483002F5718 /* STWebServerConnection.h */,
				4558BFD11C747483002F5718 /* STWebServerConnection.m */,
				4558BFD21C747483002F5718 /* STWebServerModel.h */,
				4558BFD31C747483002F5718 /* STWebServerModel.m */,
				CEB74DFD1E6BC73900E58911 /* STFileTransferBaseModel.h */,
				CEB74DFE1E6BC73900E58911 /* STFileTransferBaseModel.m */,
				CE6536DA1C2ED0AF00C1E8A3 /* STFileTransferModel.h */,
				CE6536DB1C2ED0AF00C1E8A3 /* STFileTransferModel.m */,
				CEA4965A1E62DB4C00B97BD5 /* STMultiPeerTransferModel.h */,
				CEA4965B1E62DB4C00B97BD5 /* STMultiPeerTransferModel.m */,
			);
			path = Model;
			sourceTree = "<group>";
		};
		CE6536E31C2F06FC00C1E8A3 /* DB */ = {
			isa = PBXGroup;
			children = (
				CE6536E71C2F096600C1E8A3 /* HTFMDatabase.h */,
				CE6536E81C2F096600C1E8A3 /* HTFMDatabase.m */,
				CE6536EA1C2F099A00C1E8A3 /* HTSQLBuffer.h */,
				CE6536EB1C2F099A00C1E8A3 /* HTSQLBuffer.m */,
			);
			name = DB;
			path = SpeedyTransfer/DB;
			sourceTree = "<group>";
		};
		CE6536E41C2F078D00C1E8A3 /* Sql */ = {
			isa = PBXGroup;
			children = (
				CE6536E51C2F07A600C1E8A3 /* defaultSql.sql */,
			);
			path = Sql;
			sourceTree = "<group>";
		};
		CE8975601C26AE5B002E11F8 /* MBProgressHUD */ = {
			isa = PBXGroup;
			children = (
				CE8975611C26AE5B002E11F8 /* MBProgressHUD.h */,
				CE8975621C26AE5B002E11F8 /* MBProgressHUD.m */,
			);
			path = MBProgressHUD;
			sourceTree = "<group>";
		};
		CE9C91981C38FB480075CB06 /* FeedBack */ = {
			isa = PBXGroup;
			children = (
				CE9C91AA1C3951D20075CB06 /* STFeedbackModel.h */,
				CE9C91AB1C3951D20075CB06 /* STFeedbackModel.m */,
				CE9C91A11C390DAB0075CB06 /* STFeedBackViewController.h */,
				CE9C91A21C390DAB0075CB06 /* STFeedBackViewController.m */,
				CE9C91A41C390EAA0075CB06 /* STFeedBackInputView.h */,
				CE9C91A51C390EAA0075CB06 /* STFeedBackInputView.m */,
				CE9C91AD1C39537C0075CB06 /* STFeedbackCell.h */,
				CE9C91AE1C39537C0075CB06 /* STFeedbackCell.m */,
				CED926F01E92624600FBC133 /* STFeedbackTimeCell.h */,
				CED926F11E92624600FBC133 /* STFeedbackTimeCell.m */,
				CED926F21E92624600FBC133 /* STFeedbackTimeCell.xib */,
			);
			path = FeedBack;
			sourceTree = "<group>";
		};
		CE9C91991C38FB480075CB06 /* Find */ = {
			isa = PBXGroup;
			children = (
				CE9C919E1C390AD60075CB06 /* STFindViewController.h */,
				CE9C919F1C390AD60075CB06 /* STFindViewController.m */,
			);
			path = Find;
			sourceTree = "<group>";
		};
		CE9C919A1C38FB480075CB06 /* InviteFriend */ = {
			isa = PBXGroup;
			children = (
				CE9C919B1C38FBE10075CB06 /* STInviteFriendViewController.h */,
				CE9C919C1C38FBE10075CB06 /* STInviteFriendViewController.m */,
			);
			path = InviteFriend;
			sourceTree = "<group>";
		};
		CEA12C461C29ABCB00328CEF /* Reachability */ = {
			isa = PBXGroup;
			children = (
				CEA12C471C29ABCB00328CEF /* Reachability.h */,
				CEA12C481C29ABCB00328CEF /* Reachability.m */,
			);
			path = Reachability;
			sourceTree = "<group>";
		};
		CEB29E641C21B73500F17804 /* ZZUIKit */ = {
			isa = PBXGroup;
			children = (
				CEB29E761C21B92300F17804 /* HTUIKit.h */,
				CEB29E651C21B7C000F17804 /* HTDrawView.h */,
				CEB29E661C21B7C000F17804 /* HTDrawView.m */,
				CE6536FA1C31955000C1E8A3 /* ZZNavigationController.h */,
				CE6536FB1C31955000C1E8A3 /* ZZNavigationController.m */,
				CE69FD171CE81C96001A725F /* HTEmailViewController.h */,
				CE69FD181CE81C96001A725F /* HTEmailViewController.m */,
			);
			name = ZZUIKit;
			path = SpeedyTransfer/ZZUIKit;
			sourceTree = "<group>";
		};
		CEB29E681C21B88C00F17804 /* ThirdParty */ = {
			isa = PBXGroup;
			children = (
				CE0322651E9342050060C25C /* PhotoBrowser */,
				CE1A6E261CE82128006795E7 /* SNS */,
				4558BFC91C7458FB002F5718 /* OpenUDID */,
				4558BFC51C7453DD002F5718 /* KeychainUtils */,
				CEA12C461C29ABCB00328CEF /* Reachability */,
				CE8975601C26AE5B002E11F8 /* MBProgressHUD */,
				CEB29E691C21B8BE00F17804 /* UIView+AutoLayout */,
			);
			name = ThirdParty;
			path = SpeedyTransfer/ThirdParty;
			sourceTree = "<group>";
		};
		CEB29E691C21B8BE00F17804 /* UIView+AutoLayout */ = {
			isa = PBXGroup;
			children = (
				CEB29E6A1C21B8BE00F17804 /* ALView+PureLayout.h */,
				CEB29E6B1C21B8BE00F17804 /* ALView+PureLayout.m */,
				CEB29E6C1C21B8BE00F17804 /* NSArray+PureLayout.h */,
				CEB29E6D1C21B8BE00F17804 /* NSArray+PureLayout.m */,
				CEB29E6E1C21B8BE00F17804 /* NSLayoutConstraint+PureLayout.h */,
				CEB29E6F1C21B8BE00F17804 /* NSLayoutConstraint+PureLayout.m */,
				CEB29E701C21B8BE00F17804 /* PureLayout+Internal.h */,
				CEB29E711C21B8BE00F17804 /* PureLayout.h */,
				CEB29E721C21B8BE00F17804 /* PureLayoutDefines.h */,
			);
			path = "UIView+AutoLayout";
			sourceTree = "<group>";
		};
		CEBB14701C33CC7200874142 /* Setting */ = {
			isa = PBXGroup;
			children = (
				CEBB14711C33CCD300874142 /* STSettingViewController.h */,
				CEBB14721C33CCD300874142 /* STSettingViewController.m */,
				CEBB14741C33DB5C00874142 /* STAboutViewController.h */,
				CEBB14751C33DB5C00874142 /* STAboutViewController.m */,
				CE9C91B01C39697D0075CB06 /* STPersonalSettingViewController.h */,
				CE9C91B11C39697D0075CB06 /* STPersonalSettingViewController.m */,
				CE9C91B31C3970D60075CB06 /* STPersonalSettingCell.h */,
				CE9C91B41C3970D60075CB06 /* STPersonalSettingCell.m */,
			);
			path = Setting;
			sourceTree = "<group>";
		};
		CED0D1021C1D3C8B00F5C0E3 /* FileSelection */ = {
			isa = PBXGroup;
			children = (
				CE3AC9B61E581750004638E3 /* STFileSelectionViewController.h */,
				CE3AC9B71E581750004638E3 /* STFileSelectionViewController.m */,
				CEB7C7BC1E508E3400E924D4 /* STFileSegementControl.h */,
				CEB7C7BD1E508E3400E924D4 /* STFileSegementControl.m */,
				CED0D11A1C1D576D00F5C0E3 /* Picture */,
				CED0D11D1C1D576D00F5C0E3 /* Video */,
				CED0D1141C1D576D00F5C0E3 /* Contacts */,
				CE285AE71E583827002FC6A1 /* Files */,
			);
			path = FileSelection;
			sourceTree = "<group>";
		};
		CED0D1141C1D576D00F5C0E3 /* Contacts */ = {
			isa = PBXGroup;
			children = (
				CE285AF81E585E72002FC6A1 /* STMusicSelectionCell.h */,
				CE285AF91E585E72002FC6A1 /* STMusicSelectionCell.m */,
				CE285AF61E585E58002FC6A1 /* HTContactsHeaderView.h */,
				CE285AF51E585E58002FC6A1 /* HTContactsHeaderView.m */,
				CED0D1151C1D576D00F5C0E3 /* STContactsSelectionViewController.h */,
				CED0D1161C1D576D00F5C0E3 /* STContactsSelectionViewController.m */,
			);
			path = Contacts;
			sourceTree = "<group>";
		};
		CED0D11A1C1D576D00F5C0E3 /* Picture */ = {
			isa = PBXGroup;
			children = (
				CEB29E801C253C4D00F17804 /* STPictureCollectionViewController.h */,
				CEB29E811C253C4D00F17804 /* STPictureCollectionViewController.m */,
				CEB29E831C253F4800F17804 /* STPictureCollectionReusableView.h */,
				CEB29E841C253F4800F17804 /* STPictureCollectionReusableView.m */,
				CED0D12B1C1D77DF00F5C0E3 /* HZAssetCollectionViewCell.h */,
				CED0D12C1C1D77DF00F5C0E3 /* HZAssetCollectionViewCell.m */,
			);
			path = Picture;
			sourceTree = "<group>";
		};
		CED0D11D1C1D576D00F5C0E3 /* Video */ = {
			isa = PBXGroup;
			children = (
				CED0D11E1C1D576D00F5C0E3 /* STVideoSelectionViewController.h */,
				CED0D11F1C1D576D00F5C0E3 /* STVideoSelectionViewController.m */,
				453C46281C434330003A7267 /* STVideoSelectionCell.h */,
				453C46291C434330003A7267 /* STVideoSelectionCell.m */,
				CED926E31E8D577B00FBC133 /* STNoFileAlertView.xib */,
				CED926E51E8D5B7C00FBC133 /* STNoFileAlertView.h */,
				CED926E61E8D5B7C00FBC133 /* STNoFileAlertView.m */,
			);
			path = Video;
			sourceTree = "<group>";
		};
		CED62A211C094FDD00270EDB = {
			isa = PBXGroup;
			children = (
				CE6536E31C2F06FC00C1E8A3 /* DB */,
				CE6536CC1C2ECE3200C1E8A3 /* BusinessEntity */,
				CEB29E681C21B88C00F17804 /* ThirdParty */,
				CED62A601C09A52200270EDB /* Common */,
				CED62A491C09514200270EDB /* Resource */,
				CED62A501C09718600270EDB /* Category */,
				CEB29E641C21B73500F17804 /* ZZUIKit */,
				4569CB361C41262C00A97D2A /* ZZFoundation */,
				CED62A2C1C094FDD00270EDB /* SpeedyTransfer */,
				CED62A2B1C094FDD00270EDB /* Products */,
				5AED4E2A6C934D663D247AEC /* Frameworks */,
				A22B05B82FC5CE2CA13DD93A /* Pods */,
			);
			sourceTree = "<group>";
		};
		CED62A2B1C094FDD00270EDB /* Products */ = {
			isa = PBXGroup;
			children = (
				CED62A2A1C094FDD00270EDB /* SpeedyTransfer.app */,
			);
			name = Products;
			sourceTree = "<group>";
		};
		CED62A2C1C094FDD00270EDB /* SpeedyTransfer */ = {
			isa = PBXGroup;
			children = (
				CED62A301C094FDD00270EDB /* AppDelegate.h */,
				CED62A311C094FDD00270EDB /* AppDelegate.m */,
				CEB7C7B61E502EC600E924D4 /* STWalkThroughView.h */,
				CEB7C7B71E502EC600E924D4 /* STWalkThroughView.m */,
				CED62A331C094FDD00270EDB /* STHomeViewController.h */,
				CED62A341C094FDD00270EDB /* STHomeViewController.m */,
				CEB7C7B91E50736000E924D4 /* STLeftPanelView.h */,
				CEB7C7BA1E50736000E924D4 /* STLeftPanelView.m */,
				CE6536BB1C2ECD3400C1E8A3 /* FileTransfer */,
				CE6536A61C2E8AB400C1E8A3 /* FileReceive */,
				CED0D1021C1D3C8B00F5C0E3 /* FileSelection */,
				CE9C91981C38FB480075CB06 /* FeedBack */,
				CE9C91991C38FB480075CB06 /* Find */,
				CE9C919A1C38FB480075CB06 /* InviteFriend */,
				CEBB14701C33CC7200874142 /* Setting */,
				CED62A441C09512100270EDB /* Supporting Files */,
			);
			path = SpeedyTransfer;
			sourceTree = "<group>";
		};
		CED62A441C09512100270EDB /* Supporting Files */ = {
			isa = PBXGroup;
			children = (
				CED62A581C0972EB00270EDB /* SpeedyTransfer-Prefix.pch */,
				CED62A451C09512100270EDB /* Info.plist */,
				CED62A461C09512100270EDB /* main.m */,
			);
			path = "Supporting Files";
			sourceTree = "<group>";
		};
		CED62A491C09514200270EDB /* Resource */ = {
			isa = PBXGroup;
			children = (
				458C7B5D1C97A3AD00CA8017 /* Website */,
				CE2AD7AE1C4AA15D00C67D1D /* IMG_7551.JPG */,
				CE2AD7AC1C4A985F00C67D1D /* test.png */,
				CE6536E41C2F078D00C1E8A3 /* Sql */,
				CED62A4A1C09514200270EDB /* Assets.xcassets */,
			);
			name = Resource;
			path = SpeedyTransfer/Resource;
			sourceTree = "<group>";
		};
		CED62A501C09718600270EDB /* Category */ = {
			isa = PBXGroup;
			children = (
				CED62A571C09722E00270EDB /* ZZCategory.h */,
				CED62A5D1C099C6000270EDB /* UIColor+ZZ.h */,
				CED62A5E1C099C6000270EDB /* UIColor+ZZ.m */,
				CED62A511C09719500270EDB /* UIView+ZZ.h */,
				CED62A521C09719500270EDB /* UIView+ZZ.m */,
				CED62A541C09721F00270EDB /* UIDevice+ZZ.h */,
				CED62A551C09721F00270EDB /* UIDevice+ZZ.m */,
				CED003101C0B2766005146A4 /* UIButton+ZZ.h */,
				CED003111C0B2766005146A4 /* UIButton+ZZ.m */,
				CED0D1311C1D959800F5C0E3 /* UITableViewCell+ST.h */,
				CED0D1321C1D959800F5C0E3 /* UITableViewCell+ST.m */,
				CED0D1381C21A58800F5C0E3 /* NSString+Extension.h */,
				CED0D1391C21A58800F5C0E3 /* NSString+Extension.m */,
				CED0D13B1C21A59200F5C0E3 /* AVURLAsset+Extension.h */,
				CED0D13C1C21A59200F5C0E3 /* AVURLAsset+Extension.m */,
				CEB29E5E1C21A9EB00F17804 /* NSDictionary+HT.h */,
				CEB29E5F1C21A9EB00F17804 /* NSDictionary+HT.m */,
				CEB29E7A1C230BA400F17804 /* UIViewController+ST.h */,
				CEB29E7B1C230BA400F17804 /* UIViewController+ST.m */,
				CE6536EE1C2FBB2300C1E8A3 /* NSDate+ZZ.h */,
				CE6536EF1C2FBB2300C1E8A3 /* NSDate+ZZ.m */,
				CE9C91B61C397C210075CB06 /* UIImage+ZZ.h */,
				CE9C91B71C397C210075CB06 /* UIImage+ZZ.m */,
				CE2AD7A91C4A340D00C67D1D /* HTJSONAdapter.h */,
				CE2AD7AA1C4A340D00C67D1D /* HTJSONAdapter.m */,
				CE69FD141CE81A4F001A725F /* UIAlertController+HT.h */,
				CE69FD151CE81A4F001A725F /* UIAlertController+HT.m */,
				CED926EA1E92589800FBC133 /* UIViewController+ZZ.h */,
				CED926EB1E92589800FBC133 /* UIViewController+ZZ.m */,
			);
			name = Category;
			path = SpeedyTransfer/Category;
			sourceTree = "<group>";
		};
		CED62A601C09A52200270EDB /* Common */ = {
			isa = PBXGroup;
			children = (
				CED62A611C09A53F00270EDB /* ZZMacros.h */,
				CE6536DD1C2ED74600C1E8A3 /* ZZPath.h */,
				CE6536DE1C2ED74600C1E8A3 /* ZZPath.m */,
				CE6536ED1C2F0A8A00C1E8A3 /* HTSingleton.h */,
				CEDF05AA1D2ABDB200D48D58 /* ZZFunction.h */,
				CEDF05AB1D2ABDB200D48D58 /* ZZFunction.m */,
			);
			name = Common;
			path = SpeedyTransfer/Common;
			sourceTree = "<group>";
		};
/* End PBXGroup section */

/* Begin PBXNativeTarget section */
		CED62A291C094FDD00270EDB /* SpeedyTransfer */ = {
			isa = PBXNativeTarget;
			buildConfigurationList = CED62A411C094FDD00270EDB /* Build configuration list for PBXNativeTarget "SpeedyTransfer" */;
			buildPhases = (
				B0D264D8D8B16240AA192598 /* [CP] Check Pods Manifest.lock */,
				CED62A261C094FDD00270EDB /* Sources */,
				CED62A271C094FDD00270EDB /* Frameworks */,
				CED62A281C094FDD00270EDB /* Resources */,
				7DD2D373165BE556BDC779F8 /* [CP] Embed Pods Frameworks */,
				C8448216511D95F2F6CC763C /* [CP] Copy Pods Resources */,
			);
			buildRules = (
			);
			dependencies = (
			);
			name = SpeedyTransfer;
			productName = SpeedyTransfer;
			productReference = CED62A2A1C094FDD00270EDB /* SpeedyTransfer.app */;
			productType = "com.apple.product-type.application";
		};
/* End PBXNativeTarget section */

/* Begin PBXProject section */
		CED62A221C094FDD00270EDB /* Project object */ = {
			isa = PBXProject;
			attributes = {
				LastUpgradeCheck = 0710;
				ORGANIZATIONNAME = ZZ;
				TargetAttributes = {
					CED62A291C094FDD00270EDB = {
						CreatedOnToolsVersion = 7.1.1;
						ProvisioningStyle = Manual;
					};
				};
			};
			buildConfigurationList = CED62A251C094FDD00270EDB /* Build configuration list for PBXProject "SpeedyTransfer" */;
			compatibilityVersion = "Xcode 3.2";
			developmentRegion = English;
			hasScannedForEncodings = 0;
			knownRegions = (
				en,
				Base,
			);
			mainGroup = CED62A211C094FDD00270EDB;
			productRefGroup = CED62A2B1C094FDD00270EDB /* Products */;
			projectDirPath = "";
			projectRoot = "";
			targets = (
				CED62A291C094FDD00270EDB /* SpeedyTransfer */,
			);
		};
/* End PBXProject section */

/* Begin PBXResourcesBuildPhase section */
		CED62A281C094FDD00270EDB /* Resources */ = {
			isa = PBXResourcesBuildPhase;
			buildActionMask = 2147483647;
			files = (
				CE2AD7AF1C4AA15D00C67D1D /* IMG_7551.JPG in Resources */,
				CED926E41E8D577B00FBC133 /* STNoFileAlertView.xib in Resources */,
				CED926F41E92624600FBC133 /* STFeedbackTimeCell.xib in Resources */,
				CED62A4B1C09514200270EDB /* Assets.xcassets in Resources */,
				CE6536E61C2F07A600C1E8A3 /* defaultSql.sql in Resources */,
				CE2AD7AD1C4A985F00C67D1D /* test.png in Resources */,
				458C7B5E1C97A3AD00CA8017 /* Website in Resources */,
				CE1A6E2C1CE82128006795E7 /* WeiboSDK.bundle in Resources */,
			);
			runOnlyForDeploymentPostprocessing = 0;
		};
/* End PBXResourcesBuildPhase section */

/* Begin PBXShellScriptBuildPhase section */
		7DD2D373165BE556BDC779F8 /* [CP] Embed Pods Frameworks */ = {
			isa = PBXShellScriptBuildPhase;
			buildActionMask = 2147483647;
			files = (
			);
			inputPaths = (
			);
			name = "[CP] Embed Pods Frameworks";
			outputPaths = (
			);
			runOnlyForDeploymentPostprocessing = 0;
			shellPath = /bin/sh;
			shellScript = "\"${SRCROOT}/Pods/Target Support Files/Pods-SpeedyTransfer/Pods-SpeedyTransfer-frameworks.sh\"\n";
			showEnvVarsInLog = 0;
		};
		B0D264D8D8B16240AA192598 /* [CP] Check Pods Manifest.lock */ = {
			isa = PBXShellScriptBuildPhase;
			buildActionMask = 2147483647;
			files = (
			);
			inputPaths = (
			);
			name = "[CP] Check Pods Manifest.lock";
			outputPaths = (
			);
			runOnlyForDeploymentPostprocessing = 0;
			shellPath = /bin/sh;
			shellScript = "diff \"${PODS_ROOT}/../Podfile.lock\" \"${PODS_ROOT}/Manifest.lock\" > /dev/null\nif [ $? != 0 ] ; then\n    # print error to STDERR\n    echo \"error: The sandbox is not in sync with the Podfile.lock. Run 'pod install' or update your CocoaPods installation.\" >&2\n    exit 1\nfi\n";
			showEnvVarsInLog = 0;
		};
		C8448216511D95F2F6CC763C /* [CP] Copy Pods Resources */ = {
			isa = PBXShellScriptBuildPhase;
			buildActionMask = 2147483647;
			files = (
			);
			inputPaths = (
			);
			name = "[CP] Copy Pods Resources";
			outputPaths = (
			);
			runOnlyForDeploymentPostprocessing = 0;
			shellPath = /bin/sh;
			shellScript = "\"${SRCROOT}/Pods/Target Support Files/Pods-SpeedyTransfer/Pods-SpeedyTransfer-resources.sh\"\n";
			showEnvVarsInLog = 0;
		};
/* End PBXShellScriptBuildPhase section */

/* Begin PBXSourcesBuildPhase section */
		CED62A261C094FDD00270EDB /* Sources */ = {
			isa = PBXSourcesBuildPhase;
			buildActionMask = 2147483647;
			files = (
				CEB29E851C253F4800F17804 /* STPictureCollectionReusableView.m in Sources */,
				CE3AC9B81E581750004638E3 /* STFileSelectionViewController.m in Sources */,
				CE6536CA1C2ECD3400C1E8A3 /* STTransferInstructionViewController.m in Sources */,
				CE285AFA1E585E72002FC6A1 /* STMusicSelectionCell.m in Sources */,
				CEB29E671C21B7C000F17804 /* HTDrawView.m in Sources */,
				4558BFC41C74538B002F5718 /* HTKeychainUtil.m in Sources */,
				CED0D1201C1D576D00F5C0E3 /* STContactsSelectionViewController.m in Sources */,
				CE8975631C26AE5B002E11F8 /* MBProgressHUD.m in Sources */,
				CE9C91A91C39414D0075CB06 /* STFeedbackInfo.m in Sources */,
				CE0322771E9342050060C25C /* MJPhotoProgressView.m in Sources */,
				CED0D1331C1D959800F5C0E3 /* UITableViewCell+ST.m in Sources */,
				CEA74C321C79D68100E1B34C /* STReceiveHeaderView.m in Sources */,
				CED62A351C094FDD00270EDB /* STHomeViewController.m in Sources */,
				CE2AD7AB1C4A340D00C67D1D /* HTJSONAdapter.m in Sources */,
				CEBF5C531E61B7050072C06B /* STScanQRCodeViewController.m in Sources */,
				CE9C91A01C390AD60075CB06 /* STFindViewController.m in Sources */,
				CED0D1231C1D576D00F5C0E3 /* STVideoSelectionViewController.m in Sources */,
				CE6536D81C2ECEC300C1E8A3 /* STPictureCollectionHeaderInfo.m in Sources */,
				CED62A561C09721F00270EDB /* UIDevice+ZZ.m in Sources */,
				453C462A1C434330003A7267 /* STVideoSelectionCell.m in Sources */,
				CE6536EC1C2F099A00C1E8A3 /* HTSQLBuffer.m in Sources */,
				CE285AF71E585E58002FC6A1 /* HTContactsHeaderView.m in Sources */,
				4558BFCC1C745903002F5718 /* OpenUDID.m in Sources */,
				CED926F31E92624600FBC133 /* STFeedbackTimeCell.m in Sources */,
				CE6536DF1C2ED74600C1E8A3 /* ZZPath.m in Sources */,
				CE0322821E93BE890060C25C /* STFileInfo.m in Sources */,
				CE0322751E9342050060C25C /* MJPhotoBrowser.m in Sources */,
				CEBB14761C33DB5C00874142 /* STAboutViewController.m in Sources */,
				4569CB391C41264C00A97D2A /* ZZReachability.m in Sources */,
				CE6536F31C2FD53600C1E8A3 /* STFileReceiveModel.m in Sources */,
				CE6536D71C2ECEC300C1E8A3 /* STMusicInfo.m in Sources */,
				CEA74C2F1C79D65F00E1B34C /* STSendHeaderView.m in Sources */,
				CED62A481C09512100270EDB /* main.m in Sources */,
				CEB29E751C21B8BE00F17804 /* NSLayoutConstraint+PureLayout.m in Sources */,
				CEB7C7BB1E50736000E924D4 /* STLeftPanelView.m in Sources */,
				CEB29E7C1C230BA400F17804 /* UIViewController+ST.m in Sources */,
				CED926E71E8D5B7C00FBC133 /* STNoFileAlertView.m in Sources */,
				CE6536C91C2ECD3400C1E8A3 /* STFileTransferViewController.m in Sources */,
				CE0322731E9342050060C25C /* MJPhoto.m in Sources */,
				CE6536D61C2ECEC300C1E8A3 /* STFileTransferInfo.m in Sources */,
				CED62A5F1C099C6000270EDB /* UIColor+ZZ.m in Sources */,
				CE9C91B51C3970D60075CB06 /* STPersonalSettingCell.m in Sources */,
				CEB29E601C21A9EB00F17804 /* NSDictionary+HT.m in Sources */,
				CE9C91B81C397C210075CB06 /* UIImage+ZZ.m in Sources */,
				CED0D13D1C21A59200F5C0E3 /* AVURLAsset+Extension.m in Sources */,
				CE9C91AF1C39537C0075CB06 /* STFeedbackCell.m in Sources */,
				CEA4965C1E62DB4C00B97BD5 /* STMultiPeerTransferModel.m in Sources */,
				CED003121C0B2766005146A4 /* UIButton+ZZ.m in Sources */,
				4558BFD41C747483002F5718 /* STWebServerConnection.m in Sources */,
				CE9C91A61C390EAA0075CB06 /* STFeedBackInputView.m in Sources */,
				CE9C91AC1C3951D20075CB06 /* STFeedbackModel.m in Sources */,
				CEA74C351C81ADE800E1B34C /* ZZFileUtility.m in Sources */,
				CEB29E821C253C4D00F17804 /* STPictureCollectionViewController.m in Sources */,
				CED0D13A1C21A58800F5C0E3 /* NSString+Extension.m in Sources */,
				CED62A531C09719500270EDB /* UIView+ZZ.m in Sources */,
				CE6536DC1C2ED0AF00C1E8A3 /* STFileTransferModel.m in Sources */,
				CE0322761E9342050060C25C /* MJPhotoLoadingView.m in Sources */,
				CE03227C1E93B7C70060C25C /* STFilesModel.m in Sources */,
				CE03227F1E93BB3C0060C25C /* STFileCell.m in Sources */,
				CE6536C81C2ECD3400C1E8A3 /* STFileTransferCell.m in Sources */,
				CEB74E021E6BEF0500E58911 /* STPacket.m in Sources */,
				CEBB14731C33CCD300874142 /* STSettingViewController.m in Sources */,
				CE285AEA1E583849002FC6A1 /* STFilesViewController.m in Sources */,
				CEB74DFF1E6BC73900E58911 /* STFileTransferBaseModel.m in Sources */,
				CE6536AC1C2E8D1B00C1E8A3 /* STWifiNotConnectedPopupView2.m in Sources */,
				CE6536E91C2F096600C1E8A3 /* HTFMDatabase.m in Sources */,
				CEA12C491C29ABCB00328CEF /* Reachability.m in Sources */,
				CE69FD161CE81A4F001A725F /* UIAlertController+HT.m in Sources */,
				CE0322781E9342050060C25C /* MJPhotoToolbar.m in Sources */,
				CE9C91A31C390DAB0075CB06 /* STFeedBackViewController.m in Sources */,
				CEA74C2C1C78656400E1B34C /* STDeviceButton.m in Sources */,
				CED0D12D1C1D77DF00F5C0E3 /* HZAssetCollectionViewCell.m in Sources */,
				CE0322791E9342050060C25C /* MJPhotoView.m in Sources */,
				CEB7C7B81E502EC600E924D4 /* STWalkThroughView.m in Sources */,
				4558BFD51C747483002F5718 /* STWebServerModel.m in Sources */,
				CEB29E741C21B8BE00F17804 /* NSArray+PureLayout.m in Sources */,
				CE9C91B21C39697D0075CB06 /* STPersonalSettingViewController.m in Sources */,
				4558BFCF1C746862002F5718 /* STDeviceInfo.m in Sources */,
				CEDF05AC1D2ABDB200D48D58 /* ZZFunction.m in Sources */,
				CEB7C7BE1E508E3400E924D4 /* STFileSegementControl.m in Sources */,
				4558BFC81C7453F1002F5718 /* HTSFHFKeychainUtils.m in Sources */,
				CE6536CB1C2ECD3400C1E8A3 /* STWifiNotConnectedPopupView.m in Sources */,
				CEBF5C501E61999A0072C06B /* STEstablishConnectViewController.m in Sources */,
				CE6536FC1C31955000C1E8A3 /* ZZNavigationController.m in Sources */,
				CED926EC1E92589800FBC133 /* UIViewController+ZZ.m in Sources */,
				CE6536F01C2FBB2300C1E8A3 /* NSDate+ZZ.m in Sources */,
				CED62A321C094FDD00270EDB /* AppDelegate.m in Sources */,
				CE9C919D1C38FBE10075CB06 /* STInviteFriendViewController.m in Sources */,
				CE69FD191CE81C96001A725F /* HTEmailViewController.m in Sources */,
				CEB29E731C21B8BE00F17804 /* ALView+PureLayout.m in Sources */,
				CE1D323A1E7E5CCA00079C6A /* STConnectWifiAlertView.m in Sources */,
				CE6536D51C2ECEC300C1E8A3 /* STContactInfo.m in Sources */,
			);
			runOnlyForDeploymentPostprocessing = 0;
		};
/* End PBXSourcesBuildPhase section */

/* Begin XCBuildConfiguration section */
		CED62A3F1C094FDD00270EDB /* Debug */ = {
			isa = XCBuildConfiguration;
			buildSettings = {
				ALWAYS_SEARCH_USER_PATHS = NO;
				CLANG_CXX_LANGUAGE_STANDARD = "gnu++0x";
				CLANG_CXX_LIBRARY = "libc++";
				CLANG_ENABLE_MODULES = YES;
				CLANG_ENABLE_OBJC_ARC = YES;
				CLANG_WARN_BOOL_CONVERSION = YES;
				CLANG_WARN_CONSTANT_CONVERSION = YES;
				CLANG_WARN_DIRECT_OBJC_ISA_USAGE = YES_ERROR;
				CLANG_WARN_EMPTY_BODY = YES;
				CLANG_WARN_ENUM_CONVERSION = YES;
				CLANG_WARN_INT_CONVERSION = YES;
				CLANG_WARN_OBJC_ROOT_CLASS = YES_ERROR;
				CLANG_WARN_UNREACHABLE_CODE = YES;
				CLANG_WARN__DUPLICATE_METHOD_MATCH = YES;
				"CODE_SIGN_IDENTITY[sdk=iphoneos*]" = "iPhone Developer";
				COPY_PHASE_STRIP = NO;
				DEBUG_INFORMATION_FORMAT = dwarf;
				ENABLE_STRICT_OBJC_MSGSEND = YES;
				ENABLE_TESTABILITY = YES;
				GCC_C_LANGUAGE_STANDARD = gnu99;
				GCC_DYNAMIC_NO_PIC = NO;
				GCC_NO_COMMON_BLOCKS = YES;
				GCC_OPTIMIZATION_LEVEL = 0;
				GCC_PREPROCESSOR_DEFINITIONS = (
					"DEBUG=1",
					"$(inherited)",
				);
				GCC_WARN_64_TO_32_BIT_CONVERSION = YES;
				GCC_WARN_ABOUT_RETURN_TYPE = YES_ERROR;
				GCC_WARN_UNDECLARED_SELECTOR = YES;
				GCC_WARN_UNINITIALIZED_AUTOS = YES_AGGRESSIVE;
				GCC_WARN_UNUSED_FUNCTION = YES;
				GCC_WARN_UNUSED_VARIABLE = YES;
				IPHONEOS_DEPLOYMENT_TARGET = 9.1;
				MTL_ENABLE_DEBUG_INFO = YES;
				ONLY_ACTIVE_ARCH = YES;
				SDKROOT = iphoneos;
				VALID_ARCHS = arm64;
			};
			name = Debug;
		};
		CED62A401C094FDD00270EDB /* Release */ = {
			isa = XCBuildConfiguration;
			buildSettings = {
				ALWAYS_SEARCH_USER_PATHS = NO;
				CLANG_CXX_LANGUAGE_STANDARD = "gnu++0x";
				CLANG_CXX_LIBRARY = "libc++";
				CLANG_ENABLE_MODULES = YES;
				CLANG_ENABLE_OBJC_ARC = YES;
				CLANG_WARN_BOOL_CONVERSION = YES;
				CLANG_WARN_CONSTANT_CONVERSION = YES;
				CLANG_WARN_DIRECT_OBJC_ISA_USAGE = YES_ERROR;
				CLANG_WARN_EMPTY_BODY = YES;
				CLANG_WARN_ENUM_CONVERSION = YES;
				CLANG_WARN_INT_CONVERSION = YES;
				CLANG_WARN_OBJC_ROOT_CLASS = YES_ERROR;
				CLANG_WARN_UNREACHABLE_CODE = YES;
				CLANG_WARN__DUPLICATE_METHOD_MATCH = YES;
				"CODE_SIGN_IDENTITY[sdk=iphoneos*]" = "iPhone Developer";
				COPY_PHASE_STRIP = NO;
				DEBUG_INFORMATION_FORMAT = "dwarf-with-dsym";
				ENABLE_NS_ASSERTIONS = NO;
				ENABLE_STRICT_OBJC_MSGSEND = YES;
				GCC_C_LANGUAGE_STANDARD = gnu99;
				GCC_NO_COMMON_BLOCKS = YES;
				GCC_WARN_64_TO_32_BIT_CONVERSION = YES;
				GCC_WARN_ABOUT_RETURN_TYPE = YES_ERROR;
				GCC_WARN_UNDECLARED_SELECTOR = YES;
				GCC_WARN_UNINITIALIZED_AUTOS = YES_AGGRESSIVE;
				GCC_WARN_UNUSED_FUNCTION = YES;
				GCC_WARN_UNUSED_VARIABLE = YES;
				IPHONEOS_DEPLOYMENT_TARGET = 9.1;
				MTL_ENABLE_DEBUG_INFO = NO;
				SDKROOT = iphoneos;
				VALIDATE_PRODUCT = YES;
				VALID_ARCHS = arm64;
			};
			name = Release;
		};
		CED62A421C094FDD00270EDB /* Debug */ = {
			isa = XCBuildConfiguration;
			baseConfigurationReference = 6D16DCCC400C02236F122188 /* Pods-SpeedyTransfer.debug.xcconfig */;
			buildSettings = {
				ASSETCATALOG_COMPILER_APPICON_NAME = AppIcon;
				ASSETCATALOG_COMPILER_LAUNCHIMAGE_NAME = LaunchImage;
				CODE_SIGN_IDENTITY = "iPhone Developer";
				"CODE_SIGN_IDENTITY[sdk=iphoneos*]" = "iPhone Developer";
				DEVELOPMENT_TEAM = "";
				ENABLE_BITCODE = NO;
				FRAMEWORK_SEARCH_PATHS = "$(inherited)";
				GCC_PREFIX_HEADER = "SpeedyTransfer/Supporting Files/SpeedyTransfer-Prefix.pch";
				INFOPLIST_FILE = "$(SRCROOT)/SpeedyTransfer/Supporting Files/Info.plist";
				IPHONEOS_DEPLOYMENT_TARGET = 8.0;
				LD_RUNPATH_SEARCH_PATHS = "$(inherited) @executable_path/Frameworks";
				LIBRARY_SEARCH_PATHS = (
					"$(inherited)",
					"$(PROJECT_DIR)/SpeedyTransfer/ThirdParty/SNS/libWeiboSDK",
					"$(PROJECT_DIR)/SpeedyTransfer/ThirdParty/SNS/WeChat",
				);
				PRODUCT_BUNDLE_IDENTIFIER = com.santikeji.dianchuan;
				PRODUCT_NAME = "$(TARGET_NAME)";
				PROVISIONING_PROFILE = "";
				PROVISIONING_PROFILE_SPECIFIER = "";
			};
			name = Debug;
		};
		CED62A431C094FDD00270EDB /* Release */ = {
			isa = XCBuildConfiguration;
			baseConfigurationReference = 3976928CF3B9296EE398E02F /* Pods-SpeedyTransfer.release.xcconfig */;
			buildSettings = {
				ASSETCATALOG_COMPILER_APPICON_NAME = AppIcon;
				ASSETCATALOG_COMPILER_LAUNCHIMAGE_NAME = LaunchImage;
				CODE_SIGN_IDENTITY = "iPhone Distribution";
				"CODE_SIGN_IDENTITY[sdk=iphoneos*]" = "iPhone Distribution";
				DEVELOPMENT_TEAM = 6443RH2762;
				ENABLE_BITCODE = NO;
				FRAMEWORK_SEARCH_PATHS = "$(inherited)";
				GCC_PREFIX_HEADER = "SpeedyTransfer/Supporting Files/SpeedyTransfer-Prefix.pch";
				INFOPLIST_FILE = "$(SRCROOT)/SpeedyTransfer/Supporting Files/Info.plist";
				IPHONEOS_DEPLOYMENT_TARGET = 8.0;
				LD_RUNPATH_SEARCH_PATHS = "$(inherited) @executable_path/Frameworks";
				LIBRARY_SEARCH_PATHS = (
					"$(inherited)",
					"$(PROJECT_DIR)/SpeedyTransfer/ThirdParty/SNS/libWeiboSDK",
					"$(PROJECT_DIR)/SpeedyTransfer/ThirdParty/SNS/WeChat",
				);
				PRODUCT_BUNDLE_IDENTIFIER = com.santikeji.dianchuan;
				PRODUCT_NAME = "$(TARGET_NAME)";
				PROVISIONING_PROFILE = "b46f6589-a1d5-4ae4-9d0a-71e51119cc6b";
				PROVISIONING_PROFILE_SPECIFIER = "Santikeji AppStore Profile";
			};
			name = Release;
		};
/* End XCBuildConfiguration section */

/* Begin XCConfigurationList section */
		CED62A251C094FDD00270EDB /* Build configuration list for PBXProject "SpeedyTransfer" */ = {
			isa = XCConfigurationList;
			buildConfigurations = (
				CED62A3F1C094FDD00270EDB /* Debug */,
				CED62A401C094FDD00270EDB /* Release */,
			);
			defaultConfigurationIsVisible = 0;
			defaultConfigurationName = Release;
		};
		CED62A411C094FDD00270EDB /* Build configuration list for PBXNativeTarget "SpeedyTransfer" */ = {
			isa = XCConfigurationList;
			buildConfigurations = (
				CED62A421C094FDD00270EDB /* Debug */,
				CED62A431C094FDD00270EDB /* Release */,
			);
			defaultConfigurationIsVisible = 0;
			defaultConfigurationName = Release;
		};
/* End XCConfigurationList section */
	};
	rootObject = CED62A221C094FDD00270EDB /* Project object */;
}
