// !$*UTF8*$!
{
	archiveVersion = 1;
	classes = {
	};
	objectVersion = 46;
	objects = {

/* Begin PBXBuildFile section */
		81B11DB05739291B2827F0AD /* libPods-SpeedyTransfer.a in Frameworks */ = {isa = PBXBuildFile; fileRef = 43A35BB86492F999A43AE1F4 /* libPods-SpeedyTransfer.a */; };
		CE8649131C25503B0072518B /* STPictureCollectionHeaderModel.m in Sources */ = {isa = PBXBuildFile; fileRef = CE8649121C25503B0072518B /* STPictureCollectionHeaderModel.m */; };
		CEB29E601C21A9EB00F17804 /* NSDictionary+HT.m in Sources */ = {isa = PBXBuildFile; fileRef = CEB29E5F1C21A9EB00F17804 /* NSDictionary+HT.m */; };
		CEB29E631C21B6D700F17804 /* HTContactsHeaderView.m in Sources */ = {isa = PBXBuildFile; fileRef = CEB29E621C21B6D700F17804 /* HTContactsHeaderView.m */; };
		CEB29E671C21B7C000F17804 /* HTDrawView.m in Sources */ = {isa = PBXBuildFile; fileRef = CEB29E661C21B7C000F17804 /* HTDrawView.m */; };
		CEB29E731C21B8BE00F17804 /* ALView+PureLayout.m in Sources */ = {isa = PBXBuildFile; fileRef = CEB29E6B1C21B8BE00F17804 /* ALView+PureLayout.m */; };
		CEB29E741C21B8BE00F17804 /* NSArray+PureLayout.m in Sources */ = {isa = PBXBuildFile; fileRef = CEB29E6D1C21B8BE00F17804 /* NSArray+PureLayout.m */; };
		CEB29E751C21B8BE00F17804 /* NSLayoutConstraint+PureLayout.m in Sources */ = {isa = PBXBuildFile; fileRef = CEB29E6F1C21B8BE00F17804 /* NSLayoutConstraint+PureLayout.m */; };
		CEB29E791C21C01600F17804 /* STMusicSelectionCell.m in Sources */ = {isa = PBXBuildFile; fileRef = CEB29E781C21C01600F17804 /* STMusicSelectionCell.m */; };
		CEB29E7C1C230BA400F17804 /* UIViewController+ST.m in Sources */ = {isa = PBXBuildFile; fileRef = CEB29E7B1C230BA400F17804 /* UIViewController+ST.m */; };
		CEB29E821C253C4D00F17804 /* STPictureCollectionViewController.m in Sources */ = {isa = PBXBuildFile; fileRef = CEB29E811C253C4D00F17804 /* STPictureCollectionViewController.m */; };
		CEB29E851C253F4800F17804 /* STPictureCollectionReusableView.m in Sources */ = {isa = PBXBuildFile; fileRef = CEB29E841C253F4800F17804 /* STPictureCollectionReusableView.m */; };
		CED003121C0B2766005146A4 /* UIButton+ZZ.m in Sources */ = {isa = PBXBuildFile; fileRef = CED003111C0B2766005146A4 /* UIButton+ZZ.m */; };
		CED0D1051C1D3D7B00F5C0E3 /* STFileSelectionTabViewController.m in Sources */ = {isa = PBXBuildFile; fileRef = CED0D1041C1D3D7B00F5C0E3 /* STFileSelectionTabViewController.m */; };
		CED0D1131C1D53ED00F5C0E3 /* Photos.framework in Frameworks */ = {isa = PBXBuildFile; fileRef = CED0D1121C1D53ED00F5C0E3 /* Photos.framework */; };
		CED0D1201C1D576D00F5C0E3 /* STContactsSelectionViewController.m in Sources */ = {isa = PBXBuildFile; fileRef = CED0D1161C1D576D00F5C0E3 /* STContactsSelectionViewController.m */; };
		CED0D1211C1D576D00F5C0E3 /* STMusicSelectionViewController.m in Sources */ = {isa = PBXBuildFile; fileRef = CED0D1191C1D576D00F5C0E3 /* STMusicSelectionViewController.m */; };
		CED0D1231C1D576D00F5C0E3 /* STVideoSelectionViewController.m in Sources */ = {isa = PBXBuildFile; fileRef = CED0D11F1C1D576D00F5C0E3 /* STVideoSelectionViewController.m */; };
		CED0D12D1C1D77DF00F5C0E3 /* HZAssetCollectionViewCell.m in Sources */ = {isa = PBXBuildFile; fileRef = CED0D12C1C1D77DF00F5C0E3 /* HZAssetCollectionViewCell.m */; };
		CED0D1331C1D959800F5C0E3 /* UITableViewCell+ST.m in Sources */ = {isa = PBXBuildFile; fileRef = CED0D1321C1D959800F5C0E3 /* UITableViewCell+ST.m */; };
		CED0D1371C21A22100F5C0E3 /* STMusicInfoModel.m in Sources */ = {isa = PBXBuildFile; fileRef = CED0D1361C21A22100F5C0E3 /* STMusicInfoModel.m */; };
		CED0D13A1C21A58800F5C0E3 /* NSString+Extension.m in Sources */ = {isa = PBXBuildFile; fileRef = CED0D1391C21A58800F5C0E3 /* NSString+Extension.m */; };
		CED0D13D1C21A59200F5C0E3 /* AVURLAsset+Extension.m in Sources */ = {isa = PBXBuildFile; fileRef = CED0D13C1C21A59200F5C0E3 /* AVURLAsset+Extension.m */; };
		CED62A321C094FDD00270EDB /* AppDelegate.m in Sources */ = {isa = PBXBuildFile; fileRef = CED62A311C094FDD00270EDB /* AppDelegate.m */; };
		CED62A351C094FDD00270EDB /* STHomeViewController.m in Sources */ = {isa = PBXBuildFile; fileRef = CED62A341C094FDD00270EDB /* STHomeViewController.m */; };
		CED62A481C09512100270EDB /* main.m in Sources */ = {isa = PBXBuildFile; fileRef = CED62A461C09512100270EDB /* main.m */; };
		CED62A4B1C09514200270EDB /* Assets.xcassets in Resources */ = {isa = PBXBuildFile; fileRef = CED62A4A1C09514200270EDB /* Assets.xcassets */; };
		CED62A531C09719500270EDB /* UIView+ZZ.m in Sources */ = {isa = PBXBuildFile; fileRef = CED62A521C09719500270EDB /* UIView+ZZ.m */; };
		CED62A561C09721F00270EDB /* UIDevice+ZZ.m in Sources */ = {isa = PBXBuildFile; fileRef = CED62A551C09721F00270EDB /* UIDevice+ZZ.m */; };
		CED62A5F1C099C6000270EDB /* UIColor+ZZ.m in Sources */ = {isa = PBXBuildFile; fileRef = CED62A5E1C099C6000270EDB /* UIColor+ZZ.m */; };
/* End PBXBuildFile section */

/* Begin PBXFileReference section */
		43A35BB86492F999A43AE1F4 /* libPods-SpeedyTransfer.a */ = {isa = PBXFileReference; explicitFileType = archive.ar; includeInIndex = 0; path = "libPods-SpeedyTransfer.a"; sourceTree = BUILT_PRODUCTS_DIR; };
		8EA48F6AD6EDCB7E537ACCBC /* Pods-SpeedyTransfer.debug.xcconfig */ = {isa = PBXFileReference; includeInIndex = 1; lastKnownFileType = text.xcconfig; name = "Pods-SpeedyTransfer.debug.xcconfig"; path = "Pods/Target Support Files/Pods-SpeedyTransfer/Pods-SpeedyTransfer.debug.xcconfig"; sourceTree = "<group>"; };
		CE8649111C25503B0072518B /* STPictureCollectionHeaderModel.h */ = {isa = PBXFileReference; fileEncoding = 4; lastKnownFileType = sourcecode.c.h; path = STPictureCollectionHeaderModel.h; sourceTree = "<group>"; };
		CE8649121C25503B0072518B /* STPictureCollectionHeaderModel.m */ = {isa = PBXFileReference; fileEncoding = 4; lastKnownFileType = sourcecode.c.objc; path = STPictureCollectionHeaderModel.m; sourceTree = "<group>"; };
		CEB29E5E1C21A9EB00F17804 /* NSDictionary+HT.h */ = {isa = PBXFileReference; fileEncoding = 4; lastKnownFileType = sourcecode.c.h; path = "NSDictionary+HT.h"; sourceTree = "<group>"; };
		CEB29E5F1C21A9EB00F17804 /* NSDictionary+HT.m */ = {isa = PBXFileReference; fileEncoding = 4; lastKnownFileType = sourcecode.c.objc; path = "NSDictionary+HT.m"; sourceTree = "<group>"; };
		CEB29E611C21B6D700F17804 /* HTContactsHeaderView.h */ = {isa = PBXFileReference; fileEncoding = 4; lastKnownFileType = sourcecode.c.h; path = HTContactsHeaderView.h; sourceTree = "<group>"; };
		CEB29E621C21B6D700F17804 /* HTContactsHeaderView.m */ = {isa = PBXFileReference; fileEncoding = 4; lastKnownFileType = sourcecode.c.objc; path = HTContactsHeaderView.m; sourceTree = "<group>"; };
		CEB29E651C21B7C000F17804 /* HTDrawView.h */ = {isa = PBXFileReference; fileEncoding = 4; lastKnownFileType = sourcecode.c.h; path = HTDrawView.h; sourceTree = "<group>"; };
		CEB29E661C21B7C000F17804 /* HTDrawView.m */ = {isa = PBXFileReference; fileEncoding = 4; lastKnownFileType = sourcecode.c.objc; path = HTDrawView.m; sourceTree = "<group>"; };
		CEB29E6A1C21B8BE00F17804 /* ALView+PureLayout.h */ = {isa = PBXFileReference; fileEncoding = 4; lastKnownFileType = sourcecode.c.h; path = "ALView+PureLayout.h"; sourceTree = "<group>"; };
		CEB29E6B1C21B8BE00F17804 /* ALView+PureLayout.m */ = {isa = PBXFileReference; fileEncoding = 4; lastKnownFileType = sourcecode.c.objc; path = "ALView+PureLayout.m"; sourceTree = "<group>"; };
		CEB29E6C1C21B8BE00F17804 /* NSArray+PureLayout.h */ = {isa = PBXFileReference; fileEncoding = 4; lastKnownFileType = sourcecode.c.h; path = "NSArray+PureLayout.h"; sourceTree = "<group>"; };
		CEB29E6D1C21B8BE00F17804 /* NSArray+PureLayout.m */ = {isa = PBXFileReference; fileEncoding = 4; lastKnownFileType = sourcecode.c.objc; path = "NSArray+PureLayout.m"; sourceTree = "<group>"; };
		CEB29E6E1C21B8BE00F17804 /* NSLayoutConstraint+PureLayout.h */ = {isa = PBXFileReference; fileEncoding = 4; lastKnownFileType = sourcecode.c.h; path = "NSLayoutConstraint+PureLayout.h"; sourceTree = "<group>"; };
		CEB29E6F1C21B8BE00F17804 /* NSLayoutConstraint+PureLayout.m */ = {isa = PBXFileReference; fileEncoding = 4; lastKnownFileType = sourcecode.c.objc; path = "NSLayoutConstraint+PureLayout.m"; sourceTree = "<group>"; };
		CEB29E701C21B8BE00F17804 /* PureLayout+Internal.h */ = {isa = PBXFileReference; fileEncoding = 4; lastKnownFileType = sourcecode.c.h; path = "PureLayout+Internal.h"; sourceTree = "<group>"; };
		CEB29E711C21B8BE00F17804 /* PureLayout.h */ = {isa = PBXFileReference; fileEncoding = 4; lastKnownFileType = sourcecode.c.h; path = PureLayout.h; sourceTree = "<group>"; };
		CEB29E721C21B8BE00F17804 /* PureLayoutDefines.h */ = {isa = PBXFileReference; fileEncoding = 4; lastKnownFileType = sourcecode.c.h; path = PureLayoutDefines.h; sourceTree = "<group>"; };
		CEB29E761C21B92300F17804 /* HTUIKit.h */ = {isa = PBXFileReference; fileEncoding = 4; lastKnownFileType = sourcecode.c.h; path = HTUIKit.h; sourceTree = "<group>"; };
		CEB29E771C21C01600F17804 /* STMusicSelectionCell.h */ = {isa = PBXFileReference; fileEncoding = 4; lastKnownFileType = sourcecode.c.h; path = STMusicSelectionCell.h; sourceTree = "<group>"; };
		CEB29E781C21C01600F17804 /* STMusicSelectionCell.m */ = {isa = PBXFileReference; fileEncoding = 4; lastKnownFileType = sourcecode.c.objc; path = STMusicSelectionCell.m; sourceTree = "<group>"; };
		CEB29E7A1C230BA400F17804 /* UIViewController+ST.h */ = {isa = PBXFileReference; fileEncoding = 4; lastKnownFileType = sourcecode.c.h; path = "UIViewController+ST.h"; sourceTree = "<group>"; };
		CEB29E7B1C230BA400F17804 /* UIViewController+ST.m */ = {isa = PBXFileReference; fileEncoding = 4; lastKnownFileType = sourcecode.c.objc; path = "UIViewController+ST.m"; sourceTree = "<group>"; };
		CEB29E801C253C4D00F17804 /* STPictureCollectionViewController.h */ = {isa = PBXFileReference; fileEncoding = 4; lastKnownFileType = sourcecode.c.h; path = STPictureCollectionViewController.h; sourceTree = "<group>"; };
		CEB29E811C253C4D00F17804 /* STPictureCollectionViewController.m */ = {isa = PBXFileReference; fileEncoding = 4; lastKnownFileType = sourcecode.c.objc; path = STPictureCollectionViewController.m; sourceTree = "<group>"; };
		CEB29E831C253F4800F17804 /* STPictureCollectionReusableView.h */ = {isa = PBXFileReference; fileEncoding = 4; lastKnownFileType = sourcecode.c.h; path = STPictureCollectionReusableView.h; sourceTree = "<group>"; };
		CEB29E841C253F4800F17804 /* STPictureCollectionReusableView.m */ = {isa = PBXFileReference; fileEncoding = 4; lastKnownFileType = sourcecode.c.objc; path = STPictureCollectionReusableView.m; sourceTree = "<group>"; };
		CED003101C0B2766005146A4 /* UIButton+ZZ.h */ = {isa = PBXFileReference; fileEncoding = 4; lastKnownFileType = sourcecode.c.h; path = "UIButton+ZZ.h"; sourceTree = "<group>"; };
		CED003111C0B2766005146A4 /* UIButton+ZZ.m */ = {isa = PBXFileReference; fileEncoding = 4; lastKnownFileType = sourcecode.c.objc; path = "UIButton+ZZ.m"; sourceTree = "<group>"; };
		CED0D1031C1D3D7B00F5C0E3 /* STFileSelectionTabViewController.h */ = {isa = PBXFileReference; fileEncoding = 4; lastKnownFileType = sourcecode.c.h; path = STFileSelectionTabViewController.h; sourceTree = "<group>"; };
		CED0D1041C1D3D7B00F5C0E3 /* STFileSelectionTabViewController.m */ = {isa = PBXFileReference; fileEncoding = 4; lastKnownFileType = sourcecode.c.objc; path = STFileSelectionTabViewController.m; sourceTree = "<group>"; };
		CED0D1121C1D53ED00F5C0E3 /* Photos.framework */ = {isa = PBXFileReference; lastKnownFileType = wrapper.framework; name = Photos.framework; path = System/Library/Frameworks/Photos.framework; sourceTree = SDKROOT; };
		CED0D1151C1D576D00F5C0E3 /* STContactsSelectionViewController.h */ = {isa = PBXFileReference; fileEncoding = 4; lastKnownFileType = sourcecode.c.h; path = STContactsSelectionViewController.h; sourceTree = "<group>"; };
		CED0D1161C1D576D00F5C0E3 /* STContactsSelectionViewController.m */ = {isa = PBXFileReference; fileEncoding = 4; lastKnownFileType = sourcecode.c.objc; path = STContactsSelectionViewController.m; sourceTree = "<group>"; };
		CED0D1181C1D576D00F5C0E3 /* STMusicSelectionViewController.h */ = {isa = PBXFileReference; fileEncoding = 4; lastKnownFileType = sourcecode.c.h; path = STMusicSelectionViewController.h; sourceTree = "<group>"; };
		CED0D1191C1D576D00F5C0E3 /* STMusicSelectionViewController.m */ = {isa = PBXFileReference; fileEncoding = 4; lastKnownFileType = sourcecode.c.objc; path = STMusicSelectionViewController.m; sourceTree = "<group>"; };
		CED0D11E1C1D576D00F5C0E3 /* STVideoSelectionViewController.h */ = {isa = PBXFileReference; fileEncoding = 4; lastKnownFileType = sourcecode.c.h; path = STVideoSelectionViewController.h; sourceTree = "<group>"; };
		CED0D11F1C1D576D00F5C0E3 /* STVideoSelectionViewController.m */ = {isa = PBXFileReference; fileEncoding = 4; lastKnownFileType = sourcecode.c.objc; path = STVideoSelectionViewController.m; sourceTree = "<group>"; };
		CED0D12B1C1D77DF00F5C0E3 /* HZAssetCollectionViewCell.h */ = {isa = PBXFileReference; fileEncoding = 4; lastKnownFileType = sourcecode.c.h; path = HZAssetCollectionViewCell.h; sourceTree = "<group>"; };
		CED0D12C1C1D77DF00F5C0E3 /* HZAssetCollectionViewCell.m */ = {isa = PBXFileReference; fileEncoding = 4; lastKnownFileType = sourcecode.c.objc; path = HZAssetCollectionViewCell.m; sourceTree = "<group>"; };
		CED0D1311C1D959800F5C0E3 /* UITableViewCell+ST.h */ = {isa = PBXFileReference; fileEncoding = 4; lastKnownFileType = sourcecode.c.h; path = "UITableViewCell+ST.h"; sourceTree = "<group>"; };
		CED0D1321C1D959800F5C0E3 /* UITableViewCell+ST.m */ = {isa = PBXFileReference; fileEncoding = 4; lastKnownFileType = sourcecode.c.objc; path = "UITableViewCell+ST.m"; sourceTree = "<group>"; };
		CED0D1351C21A22100F5C0E3 /* STMusicInfoModel.h */ = {isa = PBXFileReference; fileEncoding = 4; lastKnownFileType = sourcecode.c.h; path = STMusicInfoModel.h; sourceTree = "<group>"; };
		CED0D1361C21A22100F5C0E3 /* STMusicInfoModel.m */ = {isa = PBXFileReference; fileEncoding = 4; lastKnownFileType = sourcecode.c.objc; path = STMusicInfoModel.m; sourceTree = "<group>"; };
		CED0D1381C21A58800F5C0E3 /* NSString+Extension.h */ = {isa = PBXFileReference; fileEncoding = 4; lastKnownFileType = sourcecode.c.h; path = "NSString+Extension.h"; sourceTree = "<group>"; };
		CED0D1391C21A58800F5C0E3 /* NSString+Extension.m */ = {isa = PBXFileReference; fileEncoding = 4; lastKnownFileType = sourcecode.c.objc; path = "NSString+Extension.m"; sourceTree = "<group>"; };
		CED0D13B1C21A59200F5C0E3 /* AVURLAsset+Extension.h */ = {isa = PBXFileReference; fileEncoding = 4; lastKnownFileType = sourcecode.c.h; path = "AVURLAsset+Extension.h"; sourceTree = "<group>"; };
		CED0D13C1C21A59200F5C0E3 /* AVURLAsset+Extension.m */ = {isa = PBXFileReference; fileEncoding = 4; lastKnownFileType = sourcecode.c.objc; path = "AVURLAsset+Extension.m"; sourceTree = "<group>"; };
		CED62A2A1C094FDD00270EDB /* SpeedyTransfer.app */ = {isa = PBXFileReference; explicitFileType = wrapper.application; includeInIndex = 0; path = SpeedyTransfer.app; sourceTree = BUILT_PRODUCTS_DIR; };
		CED62A301C094FDD00270EDB /* AppDelegate.h */ = {isa = PBXFileReference; lastKnownFileType = sourcecode.c.h; path = AppDelegate.h; sourceTree = "<group>"; };
		CED62A311C094FDD00270EDB /* AppDelegate.m */ = {isa = PBXFileReference; lastKnownFileType = sourcecode.c.objc; path = AppDelegate.m; sourceTree = "<group>"; };
		CED62A331C094FDD00270EDB /* STHomeViewController.h */ = {isa = PBXFileReference; lastKnownFileType = sourcecode.c.h; path = STHomeViewController.h; sourceTree = "<group>"; };
		CED62A341C094FDD00270EDB /* STHomeViewController.m */ = {isa = PBXFileReference; lastKnownFileType = sourcecode.c.objc; path = STHomeViewController.m; sourceTree = "<group>"; };
		CED62A451C09512100270EDB /* Info.plist */ = {isa = PBXFileReference; fileEncoding = 4; lastKnownFileType = text.plist.xml; path = Info.plist; sourceTree = "<group>"; };
		CED62A461C09512100270EDB /* main.m */ = {isa = PBXFileReference; fileEncoding = 4; lastKnownFileType = sourcecode.c.objc; path = main.m; sourceTree = "<group>"; };
		CED62A4A1C09514200270EDB /* Assets.xcassets */ = {isa = PBXFileReference; lastKnownFileType = folder.assetcatalog; path = Assets.xcassets; sourceTree = "<group>"; };
		CED62A511C09719500270EDB /* UIView+ZZ.h */ = {isa = PBXFileReference; fileEncoding = 4; lastKnownFileType = sourcecode.c.h; path = "UIView+ZZ.h"; sourceTree = "<group>"; };
		CED62A521C09719500270EDB /* UIView+ZZ.m */ = {isa = PBXFileReference; fileEncoding = 4; lastKnownFileType = sourcecode.c.objc; path = "UIView+ZZ.m"; sourceTree = "<group>"; };
		CED62A541C09721F00270EDB /* UIDevice+ZZ.h */ = {isa = PBXFileReference; fileEncoding = 4; lastKnownFileType = sourcecode.c.h; path = "UIDevice+ZZ.h"; sourceTree = "<group>"; };
		CED62A551C09721F00270EDB /* UIDevice+ZZ.m */ = {isa = PBXFileReference; fileEncoding = 4; lastKnownFileType = sourcecode.c.objc; path = "UIDevice+ZZ.m"; sourceTree = "<group>"; };
		CED62A571C09722E00270EDB /* ZZCategory.h */ = {isa = PBXFileReference; fileEncoding = 4; lastKnownFileType = sourcecode.c.h; path = ZZCategory.h; sourceTree = "<group>"; };
		CED62A581C0972EB00270EDB /* SpeedyTransfer-Prefix.pch */ = {isa = PBXFileReference; fileEncoding = 4; lastKnownFileType = sourcecode.c.h; path = "SpeedyTransfer-Prefix.pch"; sourceTree = "<group>"; };
		CED62A5D1C099C6000270EDB /* UIColor+ZZ.h */ = {isa = PBXFileReference; fileEncoding = 4; lastKnownFileType = sourcecode.c.h; path = "UIColor+ZZ.h"; sourceTree = "<group>"; };
		CED62A5E1C099C6000270EDB /* UIColor+ZZ.m */ = {isa = PBXFileReference; fileEncoding = 4; lastKnownFileType = sourcecode.c.objc; path = "UIColor+ZZ.m"; sourceTree = "<group>"; };
		CED62A611C09A53F00270EDB /* ZZMacros.h */ = {isa = PBXFileReference; fileEncoding = 4; lastKnownFileType = sourcecode.c.h; path = ZZMacros.h; sourceTree = "<group>"; };
		FBFC0383354923B95659CB9F /* Pods-SpeedyTransfer.release.xcconfig */ = {isa = PBXFileReference; includeInIndex = 1; lastKnownFileType = text.xcconfig; name = "Pods-SpeedyTransfer.release.xcconfig"; path = "Pods/Target Support Files/Pods-SpeedyTransfer/Pods-SpeedyTransfer.release.xcconfig"; sourceTree = "<group>"; };
/* End PBXFileReference section */

/* Begin PBXFrameworksBuildPhase section */
		CED62A271C094FDD00270EDB /* Frameworks */ = {
			isa = PBXFrameworksBuildPhase;
			buildActionMask = 2147483647;
			files = (
				CED0D1131C1D53ED00F5C0E3 /* Photos.framework in Frameworks */,
				81B11DB05739291B2827F0AD /* libPods-SpeedyTransfer.a in Frameworks */,
			);
			runOnlyForDeploymentPostprocessing = 0;
		};
/* End PBXFrameworksBuildPhase section */

/* Begin PBXGroup section */
		37DD61B7600E78194ED4A9FD /* Pods */ = {
			isa = PBXGroup;
			children = (
				8EA48F6AD6EDCB7E537ACCBC /* Pods-SpeedyTransfer.debug.xcconfig */,
				FBFC0383354923B95659CB9F /* Pods-SpeedyTransfer.release.xcconfig */,
			);
			name = Pods;
			sourceTree = "<group>";
		};
		5AED4E2A6C934D663D247AEC /* Frameworks */ = {
			isa = PBXGroup;
			children = (
				CED0D1121C1D53ED00F5C0E3 /* Photos.framework */,
				43A35BB86492F999A43AE1F4 /* libPods-SpeedyTransfer.a */,
			);
			name = Frameworks;
			sourceTree = "<group>";
		};
		CE8649101C254FDB0072518B /* Model */ = {
			isa = PBXGroup;
			children = (
				CE8649111C25503B0072518B /* STPictureCollectionHeaderModel.h */,
				CE8649121C25503B0072518B /* STPictureCollectionHeaderModel.m */,
			);
			name = Model;
			path = Models;
			sourceTree = "<group>";
		};
		CE8649171C2577110072518B /* Model */ = {
			isa = PBXGroup;
			children = (
			);
			path = Model;
			sourceTree = "<group>";
		};
		CEB29E641C21B73500F17804 /* ZZUIKit */ = {
			isa = PBXGroup;
			children = (
				CEB29E761C21B92300F17804 /* HTUIKit.h */,
				CEB29E651C21B7C000F17804 /* HTDrawView.h */,
				CEB29E661C21B7C000F17804 /* HTDrawView.m */,
			);
			name = ZZUIKit;
			path = SpeedyTransfer/ZZUIKit;
			sourceTree = "<group>";
		};
		CEB29E681C21B88C00F17804 /* ThirdParty */ = {
			isa = PBXGroup;
			children = (
				CEB29E691C21B8BE00F17804 /* UIView+AutoLayout */,
			);
			name = ThirdParty;
			path = SpeedyTransfer/ThirdParty;
			sourceTree = "<group>";
		};
		CEB29E691C21B8BE00F17804 /* UIView+AutoLayout */ = {
			isa = PBXGroup;
			children = (
				CEB29E6A1C21B8BE00F17804 /* ALView+PureLayout.h */,
				CEB29E6B1C21B8BE00F17804 /* ALView+PureLayout.m */,
				CEB29E6C1C21B8BE00F17804 /* NSArray+PureLayout.h */,
				CEB29E6D1C21B8BE00F17804 /* NSArray+PureLayout.m */,
				CEB29E6E1C21B8BE00F17804 /* NSLayoutConstraint+PureLayout.h */,
				CEB29E6F1C21B8BE00F17804 /* NSLayoutConstraint+PureLayout.m */,
				CEB29E701C21B8BE00F17804 /* PureLayout+Internal.h */,
				CEB29E711C21B8BE00F17804 /* PureLayout.h */,
				CEB29E721C21B8BE00F17804 /* PureLayoutDefines.h */,
			);
			path = "UIView+AutoLayout";
			sourceTree = "<group>";
		};
		CED0D1021C1D3C8B00F5C0E3 /* FileSelection */ = {
			isa = PBXGroup;
			children = (
				CED0D1031C1D3D7B00F5C0E3 /* STFileSelectionTabViewController.h */,
				CED0D1041C1D3D7B00F5C0E3 /* STFileSelectionTabViewController.m */,
				CED0D11A1C1D576D00F5C0E3 /* Picture */,
				CED0D1171C1D576D00F5C0E3 /* Music */,
				CED0D11D1C1D576D00F5C0E3 /* Video */,
				CED0D1141C1D576D00F5C0E3 /* Contacts */,
			);
			path = FileSelection;
			sourceTree = "<group>";
		};
		CED0D1141C1D576D00F5C0E3 /* Contacts */ = {
			isa = PBXGroup;
			children = (
				CED0D1151C1D576D00F5C0E3 /* STContactsSelectionViewController.h */,
				CED0D1161C1D576D00F5C0E3 /* STContactsSelectionViewController.m */,
			);
			path = Contacts;
			sourceTree = "<group>";
		};
		CED0D1171C1D576D00F5C0E3 /* Music */ = {
			isa = PBXGroup;
			children = (
				CED0D1341C21A1E600F5C0E3 /* Model */,
				CED0D1181C1D576D00F5C0E3 /* STMusicSelectionViewController.h */,
				CED0D1191C1D576D00F5C0E3 /* STMusicSelectionViewController.m */,
				CEB29E611C21B6D700F17804 /* HTContactsHeaderView.h */,
				CEB29E621C21B6D700F17804 /* HTContactsHeaderView.m */,
				CEB29E771C21C01600F17804 /* STMusicSelectionCell.h */,
				CEB29E781C21C01600F17804 /* STMusicSelectionCell.m */,
			);
			path = Music;
			sourceTree = "<group>";
		};
		CED0D11A1C1D576D00F5C0E3 /* Picture */ = {
			isa = PBXGroup;
			children = (
				CE8649101C254FDB0072518B /* Model */,
				CEB29E801C253C4D00F17804 /* STPictureCollectionViewController.h */,
				CEB29E811C253C4D00F17804 /* STPictureCollectionViewController.m */,
				CEB29E831C253F4800F17804 /* STPictureCollectionReusableView.h */,
				CEB29E841C253F4800F17804 /* STPictureCollectionReusableView.m */,
				CED0D12B1C1D77DF00F5C0E3 /* HZAssetCollectionViewCell.h */,
				CED0D12C1C1D77DF00F5C0E3 /* HZAssetCollectionViewCell.m */,
			);
			path = Picture;
			sourceTree = "<group>";
		};
		CED0D11D1C1D576D00F5C0E3 /* Video */ = {
			isa = PBXGroup;
			children = (
				CE8649171C2577110072518B /* Model */,
				CED0D11E1C1D576D00F5C0E3 /* STVideoSelectionViewController.h */,
				CED0D11F1C1D576D00F5C0E3 /* STVideoSelectionViewController.m */,
			);
			path = Video;
			sourceTree = "<group>";
		};
		CED0D1341C21A1E600F5C0E3 /* Model */ = {
			isa = PBXGroup;
			children = (
				CED0D1351C21A22100F5C0E3 /* STMusicInfoModel.h */,
				CED0D1361C21A22100F5C0E3 /* STMusicInfoModel.m */,
			);
			name = Model;
			sourceTree = "<group>";
		};
		CED62A211C094FDD00270EDB = {
			isa = PBXGroup;
			children = (
				CEB29E681C21B88C00F17804 /* ThirdParty */,
				CED62A601C09A52200270EDB /* Common */,
				CED62A491C09514200270EDB /* Resource */,
				CED62A501C09718600270EDB /* Category */,
				CEB29E641C21B73500F17804 /* ZZUIKit */,
				CED62A2C1C094FDD00270EDB /* SpeedyTransfer */,
				CED62A2B1C094FDD00270EDB /* Products */,
				37DD61B7600E78194ED4A9FD /* Pods */,
				5AED4E2A6C934D663D247AEC /* Frameworks */,
			);
			sourceTree = "<group>";
		};
		CED62A2B1C094FDD00270EDB /* Products */ = {
			isa = PBXGroup;
			children = (
				CED62A2A1C094FDD00270EDB /* SpeedyTransfer.app */,
			);
			name = Products;
			sourceTree = "<group>";
		};
		CED62A2C1C094FDD00270EDB /* SpeedyTransfer */ = {
			isa = PBXGroup;
			children = (
				CED62A301C094FDD00270EDB /* AppDelegate.h */,
				CED62A311C094FDD00270EDB /* AppDelegate.m */,
				CED62A331C094FDD00270EDB /* STHomeViewController.h */,
				CED62A341C094FDD00270EDB /* STHomeViewController.m */,
				CED0D1021C1D3C8B00F5C0E3 /* FileSelection */,
				CED62A441C09512100270EDB /* Supporting Files */,
			);
			path = SpeedyTransfer;
			sourceTree = "<group>";
		};
		CED62A441C09512100270EDB /* Supporting Files */ = {
			isa = PBXGroup;
			children = (
				CED62A581C0972EB00270EDB /* SpeedyTransfer-Prefix.pch */,
				CED62A451C09512100270EDB /* Info.plist */,
				CED62A461C09512100270EDB /* main.m */,
			);
			path = "Supporting Files";
			sourceTree = "<group>";
		};
		CED62A491C09514200270EDB /* Resource */ = {
			isa = PBXGroup;
			children = (
				CED62A4A1C09514200270EDB /* Assets.xcassets */,
			);
			name = Resource;
			path = SpeedyTransfer/Resource;
			sourceTree = "<group>";
		};
		CED62A501C09718600270EDB /* Category */ = {
			isa = PBXGroup;
			children = (
				CED62A571C09722E00270EDB /* ZZCategory.h */,
				CED62A5D1C099C6000270EDB /* UIColor+ZZ.h */,
				CED62A5E1C099C6000270EDB /* UIColor+ZZ.m */,
				CED62A511C09719500270EDB /* UIView+ZZ.h */,
				CED62A521C09719500270EDB /* UIView+ZZ.m */,
				CED62A541C09721F00270EDB /* UIDevice+ZZ.h */,
				CED62A551C09721F00270EDB /* UIDevice+ZZ.m */,
				CED003101C0B2766005146A4 /* UIButton+ZZ.h */,
				CED003111C0B2766005146A4 /* UIButton+ZZ.m */,
				CED0D1311C1D959800F5C0E3 /* UITableViewCell+ST.h */,
				CED0D1321C1D959800F5C0E3 /* UITableViewCell+ST.m */,
				CED0D1381C21A58800F5C0E3 /* NSString+Extension.h */,
				CED0D1391C21A58800F5C0E3 /* NSString+Extension.m */,
				CED0D13B1C21A59200F5C0E3 /* AVURLAsset+Extension.h */,
				CED0D13C1C21A59200F5C0E3 /* AVURLAsset+Extension.m */,
				CEB29E5E1C21A9EB00F17804 /* NSDictionary+HT.h */,
				CEB29E5F1C21A9EB00F17804 /* NSDictionary+HT.m */,
				CEB29E7A1C230BA400F17804 /* UIViewController+ST.h */,
				CEB29E7B1C230BA400F17804 /* UIViewController+ST.m */,
			);
			name = Category;
			path = SpeedyTransfer/Category;
			sourceTree = "<group>";
		};
		CED62A601C09A52200270EDB /* Common */ = {
			isa = PBXGroup;
			children = (
				CED62A611C09A53F00270EDB /* ZZMacros.h */,
			);
			name = Common;
			path = SpeedyTransfer/Common;
			sourceTree = "<group>";
		};
/* End PBXGroup section */

/* Begin PBXNativeTarget section */
		CED62A291C094FDD00270EDB /* SpeedyTransfer */ = {
			isa = PBXNativeTarget;
			buildConfigurationList = CED62A411C094FDD00270EDB /* Build configuration list for PBXNativeTarget "SpeedyTransfer" */;
			buildPhases = (
				0361190F0683BA9A8645CADC /* Check Pods Manifest.lock */,
				CED62A261C094FDD00270EDB /* Sources */,
				CED62A271C094FDD00270EDB /* Frameworks */,
				CED62A281C094FDD00270EDB /* Resources */,
				CBA6A0EE3C50FF64B281767C /* Embed Pods Frameworks */,
				0AEB88C6B2B5337C97F565E5 /* Copy Pods Resources */,
			);
			buildRules = (
			);
			dependencies = (
			);
			name = SpeedyTransfer;
			productName = SpeedyTransfer;
			productReference = CED62A2A1C094FDD00270EDB /* SpeedyTransfer.app */;
			productType = "com.apple.product-type.application";
		};
/* End PBXNativeTarget section */

/* Begin PBXProject section */
		CED62A221C094FDD00270EDB /* Project object */ = {
			isa = PBXProject;
			attributes = {
				LastUpgradeCheck = 0710;
				ORGANIZATIONNAME = ZZ;
				TargetAttributes = {
					CED62A291C094FDD00270EDB = {
						CreatedOnToolsVersion = 7.1.1;
					};
				};
			};
			buildConfigurationList = CED62A251C094FDD00270EDB /* Build configuration list for PBXProject "SpeedyTransfer" */;
			compatibilityVersion = "Xcode 3.2";
			developmentRegion = English;
			hasScannedForEncodings = 0;
			knownRegions = (
				en,
				Base,
			);
			mainGroup = CED62A211C094FDD00270EDB;
			productRefGroup = CED62A2B1C094FDD00270EDB /* Products */;
			projectDirPath = "";
			projectRoot = "";
			targets = (
				CED62A291C094FDD00270EDB /* SpeedyTransfer */,
			);
		};
/* End PBXProject section */

/* Begin PBXResourcesBuildPhase section */
		CED62A281C094FDD00270EDB /* Resources */ = {
			isa = PBXResourcesBuildPhase;
			buildActionMask = 2147483647;
			files = (
				CED62A4B1C09514200270EDB /* Assets.xcassets in Resources */,
			);
			runOnlyForDeploymentPostprocessing = 0;
		};
/* End PBXResourcesBuildPhase section */

/* Begin PBXShellScriptBuildPhase section */
		0361190F0683BA9A8645CADC /* Check Pods Manifest.lock */ = {
			isa = PBXShellScriptBuildPhase;
			buildActionMask = 2147483647;
			files = (
			);
			inputPaths = (
			);
			name = "Check Pods Manifest.lock";
			outputPaths = (
			);
			runOnlyForDeploymentPostprocessing = 0;
			shellPath = /bin/sh;
			shellScript = "diff \"${PODS_ROOT}/../Podfile.lock\" \"${PODS_ROOT}/Manifest.lock\" > /dev/null\nif [[ $? != 0 ]] ; then\n    cat << EOM\nerror: The sandbox is not in sync with the Podfile.lock. Run 'pod install' or update your CocoaPods installation.\nEOM\n    exit 1\nfi\n";
			showEnvVarsInLog = 0;
		};
		0AEB88C6B2B5337C97F565E5 /* Copy Pods Resources */ = {
			isa = PBXShellScriptBuildPhase;
			buildActionMask = 2147483647;
			files = (
			);
			inputPaths = (
			);
			name = "Copy Pods Resources";
			outputPaths = (
			);
			runOnlyForDeploymentPostprocessing = 0;
			shellPath = /bin/sh;
			shellScript = "\"${SRCROOT}/Pods/Target Support Files/Pods-SpeedyTransfer/Pods-SpeedyTransfer-resources.sh\"\n";
			showEnvVarsInLog = 0;
		};
		CBA6A0EE3C50FF64B281767C /* Embed Pods Frameworks */ = {
			isa = PBXShellScriptBuildPhase;
			buildActionMask = 2147483647;
			files = (
			);
			inputPaths = (
			);
			name = "Embed Pods Frameworks";
			outputPaths = (
			);
			runOnlyForDeploymentPostprocessing = 0;
			shellPath = /bin/sh;
			shellScript = "\"${SRCROOT}/Pods/Target Support Files/Pods-SpeedyTransfer/Pods-SpeedyTransfer-frameworks.sh\"\n";
			showEnvVarsInLog = 0;
		};
/* End PBXShellScriptBuildPhase section */

/* Begin PBXSourcesBuildPhase section */
		CED62A261C094FDD00270EDB /* Sources */ = {
			isa = PBXSourcesBuildPhase;
			buildActionMask = 2147483647;
			files = (
				CED0D1051C1D3D7B00F5C0E3 /* STFileSelectionTabViewController.m in Sources */,
				CED0D1371C21A22100F5C0E3 /* STMusicInfoModel.m in Sources */,
				CEB29E851C253F4800F17804 /* STPictureCollectionReusableView.m in Sources */,
				CEB29E671C21B7C000F17804 /* HTDrawView.m in Sources */,
				CED0D1201C1D576D00F5C0E3 /* STContactsSelectionViewController.m in Sources */,
				CEB29E631C21B6D700F17804 /* HTContactsHeaderView.m in Sources */,
				CED0D1331C1D959800F5C0E3 /* UITableViewCell+ST.m in Sources */,
				CED62A351C094FDD00270EDB /* STHomeViewController.m in Sources */,
				CEB29E791C21C01600F17804 /* STMusicSelectionCell.m in Sources */,
				CED0D1231C1D576D00F5C0E3 /* STVideoSelectionViewController.m in Sources */,
				CED62A561C09721F00270EDB /* UIDevice+ZZ.m in Sources */,
				CED62A481C09512100270EDB /* main.m in Sources */,
				CEB29E751C21B8BE00F17804 /* NSLayoutConstraint+PureLayout.m in Sources */,
				CEB29E7C1C230BA400F17804 /* UIViewController+ST.m in Sources */,
				CED62A5F1C099C6000270EDB /* UIColor+ZZ.m in Sources */,
				CEB29E601C21A9EB00F17804 /* NSDictionary+HT.m in Sources */,
				CED0D13D1C21A59200F5C0E3 /* AVURLAsset+Extension.m in Sources */,
				CED003121C0B2766005146A4 /* UIButton+ZZ.m in Sources */,
				CEB29E821C253C4D00F17804 /* STPictureCollectionViewController.m in Sources */,
				CED0D13A1C21A58800F5C0E3 /* NSString+Extension.m in Sources */,
				CED62A531C09719500270EDB /* UIView+ZZ.m in Sources */,
				CE8649131C25503B0072518B /* STPictureCollectionHeaderModel.m in Sources */,
				CED0D12D1C1D77DF00F5C0E3 /* HZAssetCollectionViewCell.m in Sources */,
				CEB29E741C21B8BE00F17804 /* NSArray+PureLayout.m in Sources */,
				CED0D1211C1D576D00F5C0E3 /* STMusicSelectionViewController.m in Sources */,
				CED62A321C094FDD00270EDB /* AppDelegate.m in Sources */,
				CEB29E731C21B8BE00F17804 /* ALView+PureLayout.m in Sources */,
			);
			runOnlyForDeploymentPostprocessing = 0;
		};
/* End PBXSourcesBuildPhase section */

/* Begin XCBuildConfiguration section */
		CED62A3F1C094FDD00270EDB /* Debug */ = {
			isa = XCBuildConfiguration;
			buildSettings = {
				ALWAYS_SEARCH_USER_PATHS = NO;
				CLANG_CXX_LANGUAGE_STANDARD = "gnu++0x";
				CLANG_CXX_LIBRARY = "libc++";
				CLANG_ENABLE_MODULES = YES;
				CLANG_ENABLE_OBJC_ARC = YES;
				CLANG_WARN_BOOL_CONVERSION = YES;
				CLANG_WARN_CONSTANT_CONVERSION = YES;
				CLANG_WARN_DIRECT_OBJC_ISA_USAGE = YES_ERROR;
				CLANG_WARN_EMPTY_BODY = YES;
				CLANG_WARN_ENUM_CONVERSION = YES;
				CLANG_WARN_INT_CONVERSION = YES;
				CLANG_WARN_OBJC_ROOT_CLASS = YES_ERROR;
				CLANG_WARN_UNREACHABLE_CODE = YES;
				CLANG_WARN__DUPLICATE_METHOD_MATCH = YES;
				"CODE_SIGN_IDENTITY[sdk=iphoneos*]" = "iPhone Developer";
				COPY_PHASE_STRIP = NO;
				DEBUG_INFORMATION_FORMAT = dwarf;
				ENABLE_STRICT_OBJC_MSGSEND = YES;
				ENABLE_TESTABILITY = YES;
				GCC_C_LANGUAGE_STANDARD = gnu99;
				GCC_DYNAMIC_NO_PIC = NO;
				GCC_NO_COMMON_BLOCKS = YES;
				GCC_OPTIMIZATION_LEVEL = 0;
				GCC_PREPROCESSOR_DEFINITIONS = (
					"DEBUG=1",
					"$(inherited)",
				);
				GCC_WARN_64_TO_32_BIT_CONVERSION = YES;
				GCC_WARN_ABOUT_RETURN_TYPE = YES_ERROR;
				GCC_WARN_UNDECLARED_SELECTOR = YES;
				GCC_WARN_UNINITIALIZED_AUTOS = YES_AGGRESSIVE;
				GCC_WARN_UNUSED_FUNCTION = YES;
				GCC_WARN_UNUSED_VARIABLE = YES;
				IPHONEOS_DEPLOYMENT_TARGET = 9.1;
				MTL_ENABLE_DEBUG_INFO = YES;
				ONLY_ACTIVE_ARCH = YES;
				SDKROOT = iphoneos;
			};
			name = Debug;
		};
		CED62A401C094FDD00270EDB /* Release */ = {
			isa = XCBuildConfiguration;
			buildSettings = {
				ALWAYS_SEARCH_USER_PATHS = NO;
				CLANG_CXX_LANGUAGE_STANDARD = "gnu++0x";
				CLANG_CXX_LIBRARY = "libc++";
				CLANG_ENABLE_MODULES = YES;
				CLANG_ENABLE_OBJC_ARC = YES;
				CLANG_WARN_BOOL_CONVERSION = YES;
				CLANG_WARN_CONSTANT_CONVERSION = YES;
				CLANG_WARN_DIRECT_OBJC_ISA_USAGE = YES_ERROR;
				CLANG_WARN_EMPTY_BODY = YES;
				CLANG_WARN_ENUM_CONVERSION = YES;
				CLANG_WARN_INT_CONVERSION = YES;
				CLANG_WARN_OBJC_ROOT_CLASS = YES_ERROR;
				CLANG_WARN_UNREACHABLE_CODE = YES;
				CLANG_WARN__DUPLICATE_METHOD_MATCH = YES;
				"CODE_SIGN_IDENTITY[sdk=iphoneos*]" = "iPhone Developer";
				COPY_PHASE_STRIP = NO;
				DEBUG_INFORMATION_FORMAT = "dwarf-with-dsym";
				ENABLE_NS_ASSERTIONS = NO;
				ENABLE_STRICT_OBJC_MSGSEND = YES;
				GCC_C_LANGUAGE_STANDARD = gnu99;
				GCC_NO_COMMON_BLOCKS = YES;
				GCC_WARN_64_TO_32_BIT_CONVERSION = YES;
				GCC_WARN_ABOUT_RETURN_TYPE = YES_ERROR;
				GCC_WARN_UNDECLARED_SELECTOR = YES;
				GCC_WARN_UNINITIALIZED_AUTOS = YES_AGGRESSIVE;
				GCC_WARN_UNUSED_FUNCTION = YES;
				GCC_WARN_UNUSED_VARIABLE = YES;
				IPHONEOS_DEPLOYMENT_TARGET = 9.1;
				MTL_ENABLE_DEBUG_INFO = NO;
				SDKROOT = iphoneos;
				VALIDATE_PRODUCT = YES;
			};
			name = Release;
		};
		CED62A421C094FDD00270EDB /* Debug */ = {
			isa = XCBuildConfiguration;
			baseConfigurationReference = 8EA48F6AD6EDCB7E537ACCBC /* Pods-SpeedyTransfer.debug.xcconfig */;
			buildSettings = {
				ASSETCATALOG_COMPILER_APPICON_NAME = AppIcon;
				ASSETCATALOG_COMPILER_LAUNCHIMAGE_NAME = LaunchImage;
				GCC_PREFIX_HEADER = "SpeedyTransfer/Supporting Files/SpeedyTransfer-Prefix.pch";
				INFOPLIST_FILE = "$(SRCROOT)/SpeedyTransfer/Supporting Files/Info.plist";
				IPHONEOS_DEPLOYMENT_TARGET = 8.0;
				LD_RUNPATH_SEARCH_PATHS = "$(inherited) @executable_path/Frameworks";
				PRODUCT_BUNDLE_IDENTIFIER = com.zz.SpeedyTransfer;
				PRODUCT_NAME = "$(TARGET_NAME)";
			};
			name = Debug;
		};
		CED62A431C094FDD00270EDB /* Release */ = {
			isa = XCBuildConfiguration;
			baseConfigurationReference = FBFC0383354923B95659CB9F /* Pods-SpeedyTransfer.release.xcconfig */;
			buildSettings = {
				ASSETCATALOG_COMPILER_APPICON_NAME = AppIcon;
				ASSETCATALOG_COMPILER_LAUNCHIMAGE_NAME = LaunchImage;
				GCC_PREFIX_HEADER = "SpeedyTransfer/Supporting Files/SpeedyTransfer-Prefix.pch";
				INFOPLIST_FILE = "$(SRCROOT)/SpeedyTransfer/Supporting Files/Info.plist";
				IPHONEOS_DEPLOYMENT_TARGET = 8.0;
				LD_RUNPATH_SEARCH_PATHS = "$(inherited) @executable_path/Frameworks";
				PRODUCT_BUNDLE_IDENTIFIER = com.zz.SpeedyTransfer;
				PRODUCT_NAME = "$(TARGET_NAME)";
			};
			name = Release;
		};
/* End XCBuildConfiguration section */

/* Begin XCConfigurationList section */
		CED62A251C094FDD00270EDB /* Build configuration list for PBXProject "SpeedyTransfer" */ = {
			isa = XCConfigurationList;
			buildConfigurations = (
				CED62A3F1C094FDD00270EDB /* Debug */,
				CED62A401C094FDD00270EDB /* Release */,
			);
			defaultConfigurationIsVisible = 0;
			defaultConfigurationName = Release;
		};
		CED62A411C094FDD00270EDB /* Build configuration list for PBXNativeTarget "SpeedyTransfer" */ = {
			isa = XCConfigurationList;
			buildConfigurations = (
				CED62A421C094FDD00270EDB /* Debug */,
				CED62A431C094FDD00270EDB /* Release */,
			);
			defaultConfigurationIsVisible = 0;
			defaultConfigurationName = Release;
		};
/* End XCConfigurationList section */
	};
	rootObject = CED62A221C094FDD00270EDB /* Project object */;
}
